
Microsoft Visual Studio Solution File, Format Version 12.00
# Visual Studio Version 17
VisualStudioVersion = 17.7.34031.279
MinimumVisualStudioVersion = 10.0.40219.1
Project("{9A19103F-16F7-4668-BE54-9A1E7A4F7556}") = "09.IteratorsAndComperatorsExersice", "09.IteratorsAndComperatorsExersice\09.IteratorsAndComperatorsExersice.csproj", "{7E4B7C52-CBE1-49B9-8CA1-65551797D658}"
EndProject
Project("{9A19103F-16F7-4668-BE54-9A1E7A4F7556}") = "Side", "01\Side.csproj", "{8F4B333D-D344-4DE0-87A4-2E472D527975}"
EndProject
Project("{FAE04EC0-301F-11D3-BF4B-00C04F79EFBC}") = "01.First", "01.First\01.First.csproj", "{77BFD5BC-5FA2-4749-93D5-79C2F03197E6}"
EndProject
Project("{FAE04EC0-301F-11D3-BF4B-00C04F79EFBC}") = "02", "02\02.csproj", "{E73FE5D0-F593-4C72-AC2C-D48662850F64}"
EndProject
Global
	GlobalSection(SolutionConfigurationPlatforms) = preSolution
		Debug|Any CPU = Debug|Any CPU
		Release|Any CPU = Release|Any CPU
	EndGlobalSection
	GlobalSection(ProjectConfigurationPlatforms) = postSolution
		{7E4B7C52-CBE1-49B9-8CA1-65551797D658}.Debug|Any CPU.ActiveCfg = Debug|Any CPU
		{7E4B7C52-CBE1-49B9-8CA1-65551797D658}.Debug|Any CPU.Build.0 = Debug|Any CPU
		{7E4B7C52-CBE1-49B9-8CA1-65551797D658}.Release|Any CPU.ActiveCfg = Release|Any CPU
		{7E4B7C52-CBE1-49B9-8CA1-65551797D658}.Release|Any CPU.Build.0 = Release|Any CPU
		{8F4B333D-D344-4DE0-87A4-2E472D527975}.Debug|Any CPU.ActiveCfg = Debug|Any CPU
		{8F4B333D-D344-4DE0-87A4-2E472D527975}.Debug|Any CPU.Build.0 = Debug|Any CPU
		{8F4B333D-D344-4DE0-87A4-2E472D527975}.Release|Any CPU.ActiveCfg = Release|Any CPU
		{8F4B333D-D344-4DE0-87A4-2E472D527975}.Release|Any CPU.Build.0 = Release|Any CPU
		{77BFD5BC-5FA2-4749-93D5-79C2F03197E6}.Debug|Any CPU.ActiveCfg = Debug|Any CPU
		{77BFD5BC-5FA2-4749-93D5-79C2F03197E6}.Debug|Any CPU.Build.0 = Debug|Any CPU
		{77BFD5BC-5FA2-4749-93D5-79C2F03197E6}.Release|Any CPU.ActiveCfg = Release|Any CPU
		{77BFD5BC-5FA2-4749-93D5-79C2F03197E6}.Release|Any CPU.Build.0 = Release|Any CPU
		{E73FE5D0-F593-4C72-AC2C-D48662850F64}.Debug|Any CPU.ActiveCfg = Debug|Any CPU
		{E73FE5D0-F593-4C72-AC2C-D48662850F64}.Debug|Any CPU.Build.0 = Debug|Any CPU
		{E73FE5D0-F593-4C72-AC2C-D48662850F64}.Release|Any CPU.ActiveCfg = Release|Any CPU
		{E73FE5D0-F593-4C72-AC2C-D48662850F64}.Release|Any CPU.Build.0 = Release|Any CPU
	EndGlobalSection
	GlobalSection(SolutionProperties) = preSolution
		HideSolutionNode = FALSE
	EndGlobalSection
	GlobalSection(ExtensibilityGlobals) = postSolution
		SolutionGuid = {494F6B64-AB0F-42E1-B4CB-8D645F11FD5E}
	EndGlobalSection
EndGlobal
