
Microsoft Visual Studio Solution File, Format Version 12.00
# Visual Studio Version 17
VisualStudioVersion = 17.7.34031.279
MinimumVisualStudioVersion = 10.0.40219.1
Project("{9A19103F-16F7-4668-BE54-9A1E7A4F7556}") = "09.IteratorsAndComperatorsExersice", "09.IteratorsAndComperatorsExersice\09.IteratorsAndComperatorsExersice.csproj", "{7E4B7C52-CBE1-49B9-8CA1-65551797D658}"
EndProject
Project("{9A19103F-16F7-4668-BE54-9A1E7A4F7556}") = "Side", "01\Side.csproj", "{8F4B333D-D344-4DE0-87A4-2E472D527975}"
EndProject
Project("{9A19103F-16F7-4668-BE54-9A1E7A4F7556}") = "01.First", "01.First\01.First.csproj", "{77BFD5BC-5FA2-4749-93D5-79C2F03197E6}"
EndProject
Project("{9A19103F-16F7-4668-BE54-9A1E7A4F7556}") = "02", "02\02.csproj", "{E73FE5D0-F593-4C72-AC2C-D48662850F64}"
EndProject
Project("{9A19103F-16F7-4668-BE54-9A1E7A4F7556}") = "03", "03\03.csproj", "{0A289876-62B5-4178-A3DD-3B0F87D3013F}"
EndProject
Project("{9A19103F-16F7-4668-BE54-9A1E7A4F7556}") = "04", "04\04.csproj", "{049F4492-AF8F-4758-8ACB-074E48DFA332}"
EndProject
Project("{9A19103F-16F7-4668-BE54-9A1E7A4F7556}") = "05", "05\05.csproj", "{4CD78171-14ED-4B67-877A-19947B54AAB7}"
EndProject
Project("{FAE04EC0-301F-11D3-BF4B-00C04F79EFBC}") = "06", "06\06.csproj", "{08C59ABD-1F86-4B99-81B3-F3EC6B7FACA9}"
EndProject
Project("{FAE04EC0-301F-11D3-BF4B-00C04F79EFBC}") = "07", "07\07.csproj", "{B22DB408-29FD-4A39-BB36-43BD0591F375}"
EndProject
Global
	GlobalSection(SolutionConfigurationPlatforms) = preSolution
		Debug|Any CPU = Debug|Any CPU
		Release|Any CPU = Release|Any CPU
	EndGlobalSection
	GlobalSection(ProjectConfigurationPlatforms) = postSolution
		{7E4B7C52-CBE1-49B9-8CA1-65551797D658}.Debug|Any CPU.ActiveCfg = Debug|Any CPU
		{7E4B7C52-CBE1-49B9-8CA1-65551797D658}.Debug|Any CPU.Build.0 = Debug|Any CPU
		{7E4B7C52-CBE1-49B9-8CA1-65551797D658}.Release|Any CPU.ActiveCfg = Release|Any CPU
		{7E4B7C52-CBE1-49B9-8CA1-65551797D658}.Release|Any CPU.Build.0 = Release|Any CPU
		{8F4B333D-D344-4DE0-87A4-2E472D527975}.Debug|Any CPU.ActiveCfg = Debug|Any CPU
		{8F4B333D-D344-4DE0-87A4-2E472D527975}.Debug|Any CPU.Build.0 = Debug|Any CPU
		{8F4B333D-D344-4DE0-87A4-2E472D527975}.Release|Any CPU.ActiveCfg = Release|Any CPU
		{8F4B333D-D344-4DE0-87A4-2E472D527975}.Release|Any CPU.Build.0 = Release|Any CPU
		{77BFD5BC-5FA2-4749-93D5-79C2F03197E6}.Debug|Any CPU.ActiveCfg = Debug|Any CPU
		{77BFD5BC-5FA2-4749-93D5-79C2F03197E6}.Debug|Any CPU.Build.0 = Debug|Any CPU
		{77BFD5BC-5FA2-4749-93D5-79C2F03197E6}.Release|Any CPU.ActiveCfg = Release|Any CPU
		{77BFD5BC-5FA2-4749-93D5-79C2F03197E6}.Release|Any CPU.Build.0 = Release|Any CPU
		{E73FE5D0-F593-4C72-AC2C-D48662850F64}.Debug|Any CPU.ActiveCfg = Debug|Any CPU
		{E73FE5D0-F593-4C72-AC2C-D48662850F64}.Debug|Any CPU.Build.0 = Debug|Any CPU
		{E73FE5D0-F593-4C72-AC2C-D48662850F64}.Release|Any CPU.ActiveCfg = Release|Any CPU
		{E73FE5D0-F593-4C72-AC2C-D48662850F64}.Release|Any CPU.Build.0 = Release|Any CPU
		{0A289876-62B5-4178-A3DD-3B0F87D3013F}.Debug|Any CPU.ActiveCfg = Debug|Any CPU
		{0A289876-62B5-4178-A3DD-3B0F87D3013F}.Debug|Any CPU.Build.0 = Debug|Any CPU
		{0A289876-62B5-4178-A3DD-3B0F87D3013F}.Release|Any CPU.ActiveCfg = Release|Any CPU
		{0A289876-62B5-4178-A3DD-3B0F87D3013F}.Release|Any CPU.Build.0 = Release|Any CPU
		{049F4492-AF8F-4758-8ACB-074E48DFA332}.Debug|Any CPU.ActiveCfg = Debug|Any CPU
		{049F4492-AF8F-4758-8ACB-074E48DFA332}.Debug|Any CPU.Build.0 = Debug|Any CPU
		{049F4492-AF8F-4758-8ACB-074E48DFA332}.Release|Any CPU.ActiveCfg = Release|Any CPU
		{049F4492-AF8F-4758-8ACB-074E48DFA332}.Release|Any CPU.Build.0 = Release|Any CPU
		{4CD78171-14ED-4B67-877A-19947B54AAB7}.Debug|Any CPU.ActiveCfg = Debug|Any CPU
		{4CD78171-14ED-4B67-877A-19947B54AAB7}.Debug|Any CPU.Build.0 = Debug|Any CPU
		{4CD78171-14ED-4B67-877A-19947B54AAB7}.Release|Any CPU.ActiveCfg = Release|Any CPU
		{4CD78171-14ED-4B67-877A-19947B54AAB7}.Release|Any CPU.Build.0 = Release|Any CPU
		{08C59ABD-1F86-4B99-81B3-F3EC6B7FACA9}.Debug|Any CPU.ActiveCfg = Debug|Any CPU
		{08C59ABD-1F86-4B99-81B3-F3EC6B7FACA9}.Debug|Any CPU.Build.0 = Debug|Any CPU
		{08C59ABD-1F86-4B99-81B3-F3EC6B7FACA9}.Release|Any CPU.ActiveCfg = Release|Any CPU
		{08C59ABD-1F86-4B99-81B3-F3EC6B7FACA9}.Release|Any CPU.Build.0 = Release|Any CPU
		{B22DB408-29FD-4A39-BB36-43BD0591F375}.Debug|Any CPU.ActiveCfg = Debug|Any CPU
		{B22DB408-29FD-4A39-BB36-43BD0591F375}.Debug|Any CPU.Build.0 = Debug|Any CPU
		{B22DB408-29FD-4A39-BB36-43BD0591F375}.Release|Any CPU.ActiveCfg = Release|Any CPU
		{B22DB408-29FD-4A39-BB36-43BD0591F375}.Release|Any CPU.Build.0 = Release|Any CPU
	EndGlobalSection
	GlobalSection(SolutionProperties) = preSolution
		HideSolutionNode = FALSE
	EndGlobalSection
	GlobalSection(ExtensibilityGlobals) = postSolution
		SolutionGuid = {494F6B64-AB0F-42E1-B4CB-8D645F11FD5E}
	EndGlobalSection
EndGlobal
