
Microsoft Visual Studio Solution File, Format Version 12.00
# Visual Studio Version 17
VisualStudioVersion = 17.7.34031.279
MinimumVisualStudioVersion = 10.0.40219.1
Project("{9A19103F-16F7-4668-BE54-9A1E7A4F7556}") = "01", "01\01.csproj", "{870A9DF8-2762-46F4-A684-7947E1F7C208}"
EndProject
Project("{9A19103F-16F7-4668-BE54-9A1E7A4F7556}") = "02", "02\02.csproj", "{A0AA256E-CB3C-4C6A-8401-A8EC6EB7060C}"
EndProject
Project("{9A19103F-16F7-4668-BE54-9A1E7A4F7556}") = "03", "03\03.csproj", "{CE6CD88C-E70A-4775-BD22-7AFB7FAEBA48}"
EndProject
Project("{9A19103F-16F7-4668-BE54-9A1E7A4F7556}") = "04", "04\04.csproj", "{A8DD5660-D47A-42C7-8753-78ACC68A4BFF}"
EndProject
Project("{9A19103F-16F7-4668-BE54-9A1E7A4F7556}") = "05", "05\05.csproj", "{76C8974D-5F6F-422E-97E8-61C411F5BDCF}"
EndProject
Project("{9A19103F-16F7-4668-BE54-9A1E7A4F7556}") = "06", "06\06.csproj", "{06C5089E-5B4E-4DA9-9337-80B968E685BD}"
EndProject
Project("{9A19103F-16F7-4668-BE54-9A1E7A4F7556}") = "07", "07\07.csproj", "{4A1AFBF8-4C6D-4AC0-B632-22BD3CB69AB7}"
EndProject
Project("{9A19103F-16F7-4668-BE54-9A1E7A4F7556}") = "08", "08\08.csproj", "{37C6B4AE-F1A6-48BA-A7FE-A325B346088C}"
EndProject
Project("{FAE04EC0-301F-11D3-BF4B-00C04F79EFBC}") = "09", "09\09.csproj", "{2D09DB1C-4A08-48AA-96CB-2AE29D169577}"
EndProject
Project("{FAE04EC0-301F-11D3-BF4B-00C04F79EFBC}") = "10", "10\10.csproj", "{5E6D08F4-F1EE-4495-B337-A12541CAE270}"
EndProject
Global
	GlobalSection(SolutionConfigurationPlatforms) = preSolution
		Debug|Any CPU = Debug|Any CPU
		Release|Any CPU = Release|Any CPU
	EndGlobalSection
	GlobalSection(ProjectConfigurationPlatforms) = postSolution
		{870A9DF8-2762-46F4-A684-7947E1F7C208}.Debug|Any CPU.ActiveCfg = Debug|Any CPU
		{870A9DF8-2762-46F4-A684-7947E1F7C208}.Debug|Any CPU.Build.0 = Debug|Any CPU
		{870A9DF8-2762-46F4-A684-7947E1F7C208}.Release|Any CPU.ActiveCfg = Release|Any CPU
		{870A9DF8-2762-46F4-A684-7947E1F7C208}.Release|Any CPU.Build.0 = Release|Any CPU
		{A0AA256E-CB3C-4C6A-8401-A8EC6EB7060C}.Debug|Any CPU.ActiveCfg = Debug|Any CPU
		{A0AA256E-CB3C-4C6A-8401-A8EC6EB7060C}.Debug|Any CPU.Build.0 = Debug|Any CPU
		{A0AA256E-CB3C-4C6A-8401-A8EC6EB7060C}.Release|Any CPU.ActiveCfg = Release|Any CPU
		{A0AA256E-CB3C-4C6A-8401-A8EC6EB7060C}.Release|Any CPU.Build.0 = Release|Any CPU
		{CE6CD88C-E70A-4775-BD22-7AFB7FAEBA48}.Debug|Any CPU.ActiveCfg = Debug|Any CPU
		{CE6CD88C-E70A-4775-BD22-7AFB7FAEBA48}.Debug|Any CPU.Build.0 = Debug|Any CPU
		{CE6CD88C-E70A-4775-BD22-7AFB7FAEBA48}.Release|Any CPU.ActiveCfg = Release|Any CPU
		{CE6CD88C-E70A-4775-BD22-7AFB7FAEBA48}.Release|Any CPU.Build.0 = Release|Any CPU
		{A8DD5660-D47A-42C7-8753-78ACC68A4BFF}.Debug|Any CPU.ActiveCfg = Debug|Any CPU
		{A8DD5660-D47A-42C7-8753-78ACC68A4BFF}.Debug|Any CPU.Build.0 = Debug|Any CPU
		{A8DD5660-D47A-42C7-8753-78ACC68A4BFF}.Release|Any CPU.ActiveCfg = Release|Any CPU
		{A8DD5660-D47A-42C7-8753-78ACC68A4BFF}.Release|Any CPU.Build.0 = Release|Any CPU
		{76C8974D-5F6F-422E-97E8-61C411F5BDCF}.Debug|Any CPU.ActiveCfg = Debug|Any CPU
		{76C8974D-5F6F-422E-97E8-61C411F5BDCF}.Debug|Any CPU.Build.0 = Debug|Any CPU
		{76C8974D-5F6F-422E-97E8-61C411F5BDCF}.Release|Any CPU.ActiveCfg = Release|Any CPU
		{76C8974D-5F6F-422E-97E8-61C411F5BDCF}.Release|Any CPU.Build.0 = Release|Any CPU
		{06C5089E-5B4E-4DA9-9337-80B968E685BD}.Debug|Any CPU.ActiveCfg = Debug|Any CPU
		{06C5089E-5B4E-4DA9-9337-80B968E685BD}.Debug|Any CPU.Build.0 = Debug|Any CPU
		{06C5089E-5B4E-4DA9-9337-80B968E685BD}.Release|Any CPU.ActiveCfg = Release|Any CPU
		{06C5089E-5B4E-4DA9-9337-80B968E685BD}.Release|Any CPU.Build.0 = Release|Any CPU
		{4A1AFBF8-4C6D-4AC0-B632-22BD3CB69AB7}.Debug|Any CPU.ActiveCfg = Debug|Any CPU
		{4A1AFBF8-4C6D-4AC0-B632-22BD3CB69AB7}.Debug|Any CPU.Build.0 = Debug|Any CPU
		{4A1AFBF8-4C6D-4AC0-B632-22BD3CB69AB7}.Release|Any CPU.ActiveCfg = Release|Any CPU
		{4A1AFBF8-4C6D-4AC0-B632-22BD3CB69AB7}.Release|Any CPU.Build.0 = Release|Any CPU
		{37C6B4AE-F1A6-48BA-A7FE-A325B346088C}.Debug|Any CPU.ActiveCfg = Debug|Any CPU
		{37C6B4AE-F1A6-48BA-A7FE-A325B346088C}.Debug|Any CPU.Build.0 = Debug|Any CPU
		{37C6B4AE-F1A6-48BA-A7FE-A325B346088C}.Release|Any CPU.ActiveCfg = Release|Any CPU
		{37C6B4AE-F1A6-48BA-A7FE-A325B346088C}.Release|Any CPU.Build.0 = Release|Any CPU
		{2D09DB1C-4A08-48AA-96CB-2AE29D169577}.Debug|Any CPU.ActiveCfg = Debug|Any CPU
		{2D09DB1C-4A08-48AA-96CB-2AE29D169577}.Debug|Any CPU.Build.0 = Debug|Any CPU
		{2D09DB1C-4A08-48AA-96CB-2AE29D169577}.Release|Any CPU.ActiveCfg = Release|Any CPU
		{2D09DB1C-4A08-48AA-96CB-2AE29D169577}.Release|Any CPU.Build.0 = Release|Any CPU
		{5E6D08F4-F1EE-4495-B337-A12541CAE270}.Debug|Any CPU.ActiveCfg = Debug|Any CPU
		{5E6D08F4-F1EE-4495-B337-A12541CAE270}.Debug|Any CPU.Build.0 = Debug|Any CPU
		{5E6D08F4-F1EE-4495-B337-A12541CAE270}.Release|Any CPU.ActiveCfg = Release|Any CPU
		{5E6D08F4-F1EE-4495-B337-A12541CAE270}.Release|Any CPU.Build.0 = Release|Any CPU
	EndGlobalSection
	GlobalSection(SolutionProperties) = preSolution
		HideSolutionNode = FALSE
	EndGlobalSection
	GlobalSection(ExtensibilityGlobals) = postSolution
		SolutionGuid = {6EC92817-DFA7-4A17-9766-D7B093139207}
	EndGlobalSection
EndGlobal
