
Microsoft Visual Studio Solution File, Format Version 12.00
# Visual Studio Version 17
VisualStudioVersion = 17.7.34031.279
MinimumVisualStudioVersion = 10.0.40219.1
Project("{FAE04EC0-301F-11D3-BF4B-00C04F79EFBC}") = "ConsoleApp1", "ConsoleApp1\ConsoleApp1.csproj", "{F5027516-1DFA-4E47-A004-9A48A8E52A67}"
EndProject
Project("{FAE04EC0-301F-11D3-BF4B-00C04F79EFBC}") = "LinkListPerformance", "LinkListPerformance\LinkListPerformance.csproj", "{87EE67D5-9D76-4F2B-9619-E23B90C2FEF8}"
EndProject
Global
	GlobalSection(SolutionConfigurationPlatforms) = preSolution
		Debug|Any CPU = Debug|Any CPU
		Release|Any CPU = Release|Any CPU
	EndGlobalSection
	GlobalSection(ProjectConfigurationPlatforms) = postSolution
		{F5027516-1DFA-4E47-A004-9A48A8E52A67}.Debug|Any CPU.ActiveCfg = Debug|Any CPU
		{F5027516-1DFA-4E47-A004-9A48A8E52A67}.Debug|Any CPU.Build.0 = Debug|Any CPU
		{F5027516-1DFA-4E47-A004-9A48A8E52A67}.Release|Any CPU.ActiveCfg = Release|Any CPU
		{F5027516-1DFA-4E47-A004-9A48A8E52A67}.Release|Any CPU.Build.0 = Release|Any CPU
		{87EE67D5-9D76-4F2B-9619-E23B90C2FEF8}.Debug|Any CPU.ActiveCfg = Debug|Any CPU
		{87EE67D5-9D76-4F2B-9619-E23B90C2FEF8}.Debug|Any CPU.Build.0 = Debug|Any CPU
		{87EE67D5-9D76-4F2B-9619-E23B90C2FEF8}.Release|Any CPU.ActiveCfg = Release|Any CPU
		{87EE67D5-9D76-4F2B-9619-E23B90C2FEF8}.Release|Any CPU.Build.0 = Release|Any CPU
	EndGlobalSection
	GlobalSection(SolutionProperties) = preSolution
		HideSolutionNode = FALSE
	EndGlobalSection
	GlobalSection(ExtensibilityGlobals) = postSolution
		SolutionGuid = {F6A457BC-E4DE-4995-BCF1-BE61781CEC96}
	EndGlobalSection
EndGlobal
