
Microsoft Visual Studio Solution File, Format Version 12.00
# Visual Studio Version 17
VisualStudioVersion = 17.5.33627.172
MinimumVisualStudioVersion = 10.0.40219.1
Project("{9A19103F-16F7-4668-BE54-9A1E7A4F7556}") = "ConsoleApp1", "ConsoleApp1\ConsoleApp1.csproj", "{AD74257C-FD11-426E-8858-9A8E6868E801}"
EndProject
Project("{9A19103F-16F7-4668-BE54-9A1E7A4F7556}") = "ConsoleApp2", "ConsoleApp2\ConsoleApp2.csproj", "{0AA48452-A636-4AB3-8DD9-46B8D5A909E2}"
EndProject
Project("{FAE04EC0-301F-11D3-BF4B-00C04F79EFBC}") = "ConsoleApp3", "ConsoleApp3\ConsoleApp3.csproj", "{2BB4FDC6-2C6A-4A87-8A50-EDFB95ADB366}"
EndProject
Global
	GlobalSection(SolutionConfigurationPlatforms) = preSolution
		Debug|Any CPU = Debug|Any CPU
		Release|Any CPU = Release|Any CPU
	EndGlobalSection
	GlobalSection(ProjectConfigurationPlatforms) = postSolution
		{AD74257C-FD11-426E-8858-9A8E6868E801}.Debug|Any CPU.ActiveCfg = Debug|Any CPU
		{AD74257C-FD11-426E-8858-9A8E6868E801}.Debug|Any CPU.Build.0 = Debug|Any CPU
		{AD74257C-FD11-426E-8858-9A8E6868E801}.Release|Any CPU.ActiveCfg = Release|Any CPU
		{AD74257C-FD11-426E-8858-9A8E6868E801}.Release|Any CPU.Build.0 = Release|Any CPU
		{0AA48452-A636-4AB3-8DD9-46B8D5A909E2}.Debug|Any CPU.ActiveCfg = Debug|Any CPU
		{0AA48452-A636-4AB3-8DD9-46B8D5A909E2}.Debug|Any CPU.Build.0 = Debug|Any CPU
		{0AA48452-A636-4AB3-8DD9-46B8D5A909E2}.Release|Any CPU.ActiveCfg = Release|Any CPU
		{0AA48452-A636-4AB3-8DD9-46B8D5A909E2}.Release|Any CPU.Build.0 = Release|Any CPU
		{2BB4FDC6-2C6A-4A87-8A50-EDFB95ADB366}.Debug|Any CPU.ActiveCfg = Debug|Any CPU
		{2BB4FDC6-2C6A-4A87-8A50-EDFB95ADB366}.Debug|Any CPU.Build.0 = Debug|Any CPU
		{2BB4FDC6-2C6A-4A87-8A50-EDFB95ADB366}.Release|Any CPU.ActiveCfg = Release|Any CPU
		{2BB4FDC6-2C6A-4A87-8A50-EDFB95ADB366}.Release|Any CPU.Build.0 = Release|Any CPU
	EndGlobalSection
	GlobalSection(SolutionProperties) = preSolution
		HideSolutionNode = FALSE
	EndGlobalSection
	GlobalSection(ExtensibilityGlobals) = postSolution
		SolutionGuid = {50B1AD0F-9FC0-43FE-B491-43978ED34D94}
	EndGlobalSection
EndGlobal
