
Microsoft Visual Studio Solution File, Format Version 12.00
# Visual Studio Version 17
VisualStudioVersion = 17.7.34031.279
MinimumVisualStudioVersion = 10.0.40219.1
Project("{9A19103F-16F7-4668-BE54-9A1E7A4F7556}") = "01", "01\01.csproj", "{ED058425-64F2-4B3A-9974-73CFBF6A872C}"
EndProject
Project("{9A19103F-16F7-4668-BE54-9A1E7A4F7556}") = "02", "02\02.csproj", "{368662B3-ED44-494C-A575-0129445B6925}"
EndProject
Project("{9A19103F-16F7-4668-BE54-9A1E7A4F7556}") = "03", "03\03.csproj", "{7764D65B-96E4-4CEC-98EA-1CD97A3DD186}"
EndProject
Project("{FAE04EC0-301F-11D3-BF4B-00C04F79EFBC}") = "23123", "23123\23123.csproj", "{23402F69-857F-4834-80D5-6AEEF1D62E7F}"
EndProject
Project("{FAE04EC0-301F-11D3-BF4B-00C04F79EFBC}") = "234908", "234908\234908.csproj", "{0B3EBE57-3024-45A4-9EFB-73A01B7C337B}"
EndProject
Project("{FAE04EC0-301F-11D3-BF4B-00C04F79EFBC}") = "1241434", "1241434\1241434.csproj", "{930DDBBB-4258-4A5A-888C-B2C9B0A3A27A}"
EndProject
Global
	GlobalSection(SolutionConfigurationPlatforms) = preSolution
		Debug|Any CPU = Debug|Any CPU
		Release|Any CPU = Release|Any CPU
	EndGlobalSection
	GlobalSection(ProjectConfigurationPlatforms) = postSolution
		{ED058425-64F2-4B3A-9974-73CFBF6A872C}.Debug|Any CPU.ActiveCfg = Debug|Any CPU
		{ED058425-64F2-4B3A-9974-73CFBF6A872C}.Debug|Any CPU.Build.0 = Debug|Any CPU
		{ED058425-64F2-4B3A-9974-73CFBF6A872C}.Release|Any CPU.ActiveCfg = Release|Any CPU
		{ED058425-64F2-4B3A-9974-73CFBF6A872C}.Release|Any CPU.Build.0 = Release|Any CPU
		{368662B3-ED44-494C-A575-0129445B6925}.Debug|Any CPU.ActiveCfg = Debug|Any CPU
		{368662B3-ED44-494C-A575-0129445B6925}.Debug|Any CPU.Build.0 = Debug|Any CPU
		{368662B3-ED44-494C-A575-0129445B6925}.Release|Any CPU.ActiveCfg = Release|Any CPU
		{368662B3-ED44-494C-A575-0129445B6925}.Release|Any CPU.Build.0 = Release|Any CPU
		{7764D65B-96E4-4CEC-98EA-1CD97A3DD186}.Debug|Any CPU.ActiveCfg = Debug|Any CPU
		{7764D65B-96E4-4CEC-98EA-1CD97A3DD186}.Debug|Any CPU.Build.0 = Debug|Any CPU
		{7764D65B-96E4-4CEC-98EA-1CD97A3DD186}.Release|Any CPU.ActiveCfg = Release|Any CPU
		{7764D65B-96E4-4CEC-98EA-1CD97A3DD186}.Release|Any CPU.Build.0 = Release|Any CPU
		{23402F69-857F-4834-80D5-6AEEF1D62E7F}.Debug|Any CPU.ActiveCfg = Debug|Any CPU
		{23402F69-857F-4834-80D5-6AEEF1D62E7F}.Debug|Any CPU.Build.0 = Debug|Any CPU
		{23402F69-857F-4834-80D5-6AEEF1D62E7F}.Release|Any CPU.ActiveCfg = Release|Any CPU
		{23402F69-857F-4834-80D5-6AEEF1D62E7F}.Release|Any CPU.Build.0 = Release|Any CPU
		{0B3EBE57-3024-45A4-9EFB-73A01B7C337B}.Debug|Any CPU.ActiveCfg = Debug|Any CPU
		{0B3EBE57-3024-45A4-9EFB-73A01B7C337B}.Debug|Any CPU.Build.0 = Debug|Any CPU
		{0B3EBE57-3024-45A4-9EFB-73A01B7C337B}.Release|Any CPU.ActiveCfg = Release|Any CPU
		{0B3EBE57-3024-45A4-9EFB-73A01B7C337B}.Release|Any CPU.Build.0 = Release|Any CPU
		{930DDBBB-4258-4A5A-888C-B2C9B0A3A27A}.Debug|Any CPU.ActiveCfg = Debug|Any CPU
		{930DDBBB-4258-4A5A-888C-B2C9B0A3A27A}.Debug|Any CPU.Build.0 = Debug|Any CPU
		{930DDBBB-4258-4A5A-888C-B2C9B0A3A27A}.Release|Any CPU.ActiveCfg = Release|Any CPU
		{930DDBBB-4258-4A5A-888C-B2C9B0A3A27A}.Release|Any CPU.Build.0 = Release|Any CPU
	EndGlobalSection
	GlobalSection(SolutionProperties) = preSolution
		HideSolutionNode = FALSE
	EndGlobalSection
	GlobalSection(ExtensibilityGlobals) = postSolution
		SolutionGuid = {C6A7D6EA-F598-435E-8C1A-8AC56775769F}
	EndGlobalSection
EndGlobal
