
Microsoft Visual Studio Solution File, Format Version 12.00
# Visual Studio Version 17
VisualStudioVersion = 17.5.33627.172
MinimumVisualStudioVersion = 10.0.40219.1
Project("{FAE04EC0-301F-11D3-BF4B-00C04F79EFBC}") = "05.", "05\05..csproj", "{13114973-B9CD-442F-90F7-7E2CBE859820}"
EndProject
Project("{9A19103F-16F7-4668-BE54-9A1E7A4F7556}") = "04", "03\04.csproj", "{08E1CAE6-31AF-438B-B44D-D84BB36C948B}"
EndProject
Project("{9A19103F-16F7-4668-BE54-9A1E7A4F7556}") = "03", "033\03.csproj", "{81E4B8D0-2346-45C3-994E-870C6D053FAB}"
EndProject
Project("{9A19103F-16F7-4668-BE54-9A1E7A4F7556}") = "02", "02\02.csproj", "{110D5E7D-9CF4-449E-AEDD-78290C70D6D9}"
EndProject
Project("{FAE04EC0-301F-11D3-BF4B-00C04F79EFBC}") = "05.try", "05.try\05.try.csproj", "{E668ED56-C68A-4939-B7AF-A822AF211C53}"
EndProject
Global
	GlobalSection(SolutionConfigurationPlatforms) = preSolution
		Debug|Any CPU = Debug|Any CPU
		Release|Any CPU = Release|Any CPU
	EndGlobalSection
	GlobalSection(ProjectConfigurationPlatforms) = postSolution
		{13114973-B9CD-442F-90F7-7E2CBE859820}.Debug|Any CPU.ActiveCfg = Debug|Any CPU
		{13114973-B9CD-442F-90F7-7E2CBE859820}.Debug|Any CPU.Build.0 = Debug|Any CPU
		{13114973-B9CD-442F-90F7-7E2CBE859820}.Release|Any CPU.ActiveCfg = Release|Any CPU
		{13114973-B9CD-442F-90F7-7E2CBE859820}.Release|Any CPU.Build.0 = Release|Any CPU
		{08E1CAE6-31AF-438B-B44D-D84BB36C948B}.Debug|Any CPU.ActiveCfg = Debug|Any CPU
		{08E1CAE6-31AF-438B-B44D-D84BB36C948B}.Debug|Any CPU.Build.0 = Debug|Any CPU
		{08E1CAE6-31AF-438B-B44D-D84BB36C948B}.Release|Any CPU.ActiveCfg = Release|Any CPU
		{08E1CAE6-31AF-438B-B44D-D84BB36C948B}.Release|Any CPU.Build.0 = Release|Any CPU
		{81E4B8D0-2346-45C3-994E-870C6D053FAB}.Debug|Any CPU.ActiveCfg = Debug|Any CPU
		{81E4B8D0-2346-45C3-994E-870C6D053FAB}.Debug|Any CPU.Build.0 = Debug|Any CPU
		{81E4B8D0-2346-45C3-994E-870C6D053FAB}.Release|Any CPU.ActiveCfg = Release|Any CPU
		{81E4B8D0-2346-45C3-994E-870C6D053FAB}.Release|Any CPU.Build.0 = Release|Any CPU
		{110D5E7D-9CF4-449E-AEDD-78290C70D6D9}.Debug|Any CPU.ActiveCfg = Debug|Any CPU
		{110D5E7D-9CF4-449E-AEDD-78290C70D6D9}.Debug|Any CPU.Build.0 = Debug|Any CPU
		{110D5E7D-9CF4-449E-AEDD-78290C70D6D9}.Release|Any CPU.ActiveCfg = Release|Any CPU
		{110D5E7D-9CF4-449E-AEDD-78290C70D6D9}.Release|Any CPU.Build.0 = Release|Any CPU
		{E668ED56-C68A-4939-B7AF-A822AF211C53}.Debug|Any CPU.ActiveCfg = Debug|Any CPU
		{E668ED56-C68A-4939-B7AF-A822AF211C53}.Debug|Any CPU.Build.0 = Debug|Any CPU
		{E668ED56-C68A-4939-B7AF-A822AF211C53}.Release|Any CPU.ActiveCfg = Release|Any CPU
		{E668ED56-C68A-4939-B7AF-A822AF211C53}.Release|Any CPU.Build.0 = Release|Any CPU
	EndGlobalSection
	GlobalSection(SolutionProperties) = preSolution
		HideSolutionNode = FALSE
	EndGlobalSection
	GlobalSection(ExtensibilityGlobals) = postSolution
		SolutionGuid = {A9DCBB57-ADEF-4FCB-847F-DFF1C97A2FB4}
	EndGlobalSection
EndGlobal
