
Microsoft Visual Studio Solution File, Format Version 12.00
# Visual Studio Version 17
VisualStudioVersion = 17.7.34031.279
MinimumVisualStudioVersion = 10.0.40219.1
Project("{9A19103F-16F7-4668-BE54-9A1E7A4F7556}") = "01", "01\01.csproj", "{10ED86AC-B4F8-4614-BB39-40013EE70FC4}"
EndProject
Project("{9A19103F-16F7-4668-BE54-9A1E7A4F7556}") = "02", "02\02.csproj", "{B31CF505-627F-4170-BFFA-849B22EDCC41}"
EndProject
Project("{9A19103F-16F7-4668-BE54-9A1E7A4F7556}") = "03", "03\03.csproj", "{659E6E81-3AAB-41D0-9FF8-D049E37FCB1B}"
EndProject
Project("{9A19103F-16F7-4668-BE54-9A1E7A4F7556}") = "04", "04\04.csproj", "{D89C525D-AE49-4EA8-AF26-31C2D1C61592}"
EndProject
Project("{FAE04EC0-301F-11D3-BF4B-00C04F79EFBC}") = "05", "05\05.csproj", "{DE1E262C-0262-4035-8A43-EB23D7094D1A}"
EndProject
Global
	GlobalSection(SolutionConfigurationPlatforms) = preSolution
		Debug|Any CPU = Debug|Any CPU
		Release|Any CPU = Release|Any CPU
	EndGlobalSection
	GlobalSection(ProjectConfigurationPlatforms) = postSolution
		{10ED86AC-B4F8-4614-BB39-40013EE70FC4}.Debug|Any CPU.ActiveCfg = Debug|Any CPU
		{10ED86AC-B4F8-4614-BB39-40013EE70FC4}.Debug|Any CPU.Build.0 = Debug|Any CPU
		{10ED86AC-B4F8-4614-BB39-40013EE70FC4}.Release|Any CPU.ActiveCfg = Release|Any CPU
		{10ED86AC-B4F8-4614-BB39-40013EE70FC4}.Release|Any CPU.Build.0 = Release|Any CPU
		{B31CF505-627F-4170-BFFA-849B22EDCC41}.Debug|Any CPU.ActiveCfg = Debug|Any CPU
		{B31CF505-627F-4170-BFFA-849B22EDCC41}.Debug|Any CPU.Build.0 = Debug|Any CPU
		{B31CF505-627F-4170-BFFA-849B22EDCC41}.Release|Any CPU.ActiveCfg = Release|Any CPU
		{B31CF505-627F-4170-BFFA-849B22EDCC41}.Release|Any CPU.Build.0 = Release|Any CPU
		{659E6E81-3AAB-41D0-9FF8-D049E37FCB1B}.Debug|Any CPU.ActiveCfg = Debug|Any CPU
		{659E6E81-3AAB-41D0-9FF8-D049E37FCB1B}.Debug|Any CPU.Build.0 = Debug|Any CPU
		{659E6E81-3AAB-41D0-9FF8-D049E37FCB1B}.Release|Any CPU.ActiveCfg = Release|Any CPU
		{659E6E81-3AAB-41D0-9FF8-D049E37FCB1B}.Release|Any CPU.Build.0 = Release|Any CPU
		{D89C525D-AE49-4EA8-AF26-31C2D1C61592}.Debug|Any CPU.ActiveCfg = Debug|Any CPU
		{D89C525D-AE49-4EA8-AF26-31C2D1C61592}.Debug|Any CPU.Build.0 = Debug|Any CPU
		{D89C525D-AE49-4EA8-AF26-31C2D1C61592}.Release|Any CPU.ActiveCfg = Release|Any CPU
		{D89C525D-AE49-4EA8-AF26-31C2D1C61592}.Release|Any CPU.Build.0 = Release|Any CPU
		{DE1E262C-0262-4035-8A43-EB23D7094D1A}.Debug|Any CPU.ActiveCfg = Debug|Any CPU
		{DE1E262C-0262-4035-8A43-EB23D7094D1A}.Debug|Any CPU.Build.0 = Debug|Any CPU
		{DE1E262C-0262-4035-8A43-EB23D7094D1A}.Release|Any CPU.ActiveCfg = Release|Any CPU
		{DE1E262C-0262-4035-8A43-EB23D7094D1A}.Release|Any CPU.Build.0 = Release|Any CPU
	EndGlobalSection
	GlobalSection(SolutionProperties) = preSolution
		HideSolutionNode = FALSE
	EndGlobalSection
	GlobalSection(ExtensibilityGlobals) = postSolution
		SolutionGuid = {9AB7E9FB-9424-4992-8471-7FB7C8D09B77}
	EndGlobalSection
EndGlobal
