
Microsoft Visual Studio Solution File, Format Version 12.00
# Visual Studio Version 17
VisualStudioVersion = 17.5.33627.172
MinimumVisualStudioVersion = 10.0.40219.1
Project("{9A19103F-16F7-4668-BE54-9A1E7A4F7556}") = "01.Train", "01.Train\01.Train.csproj", "{69CE5954-57C5-4890-8612-7C408DBCA30B}"
EndProject
Project("{9A19103F-16F7-4668-BE54-9A1E7A4F7556}") = "02.", "02\02..csproj", "{22035192-B83E-4AF1-9A80-1F7F60E6CFA7}"
EndProject
Project("{9A19103F-16F7-4668-BE54-9A1E7A4F7556}") = "02.2", "02.2\02.2.csproj", "{8906B499-8D29-44D8-94BC-52FE3D163BBA}"
EndProject
Project("{9A19103F-16F7-4668-BE54-9A1E7A4F7556}") = "03.", "03\03..csproj", "{31EBAB1E-D6E8-464F-9394-58ABB80C526A}"
EndProject
Project("{9A19103F-16F7-4668-BE54-9A1E7A4F7556}") = "10.2", "10.2\10.2.csproj", "{FA66E251-D3E1-4317-BF99-83E630CECA20}"
EndProject
Project("{9A19103F-16F7-4668-BE54-9A1E7A4F7556}") = "09.", "09\09..csproj", "{81AD6BF8-4421-4EEC-B01C-8B1EDE0C30A6}"
EndProject
Project("{9A19103F-16F7-4668-BE54-9A1E7A4F7556}") = "09.2", "09.2\09.2.csproj", "{487EE82B-80B1-4F2A-9A9D-E68781023322}"
EndProject
Project("{9A19103F-16F7-4668-BE54-9A1E7A4F7556}") = "04", "04\04.csproj", "{11AD921C-6CA0-4C23-8E54-D323B36C87D8}"
EndProject
Project("{9A19103F-16F7-4668-BE54-9A1E7A4F7556}") = "05", "05\05.csproj", "{F77DC11A-CA77-43EF-ACD6-B22D2D0EF217}"
EndProject
Project("{9A19103F-16F7-4668-BE54-9A1E7A4F7556}") = "07", "07\07.csproj", "{43D1F1E0-0A59-4168-8519-5079A30FD03C}"
EndProject
Project("{9A19103F-16F7-4668-BE54-9A1E7A4F7556}") = "06", "06\06.csproj", "{2A2521EE-3946-43E9-971A-7A4352C58252}"
EndProject
Project("{FAE04EC0-301F-11D3-BF4B-00C04F79EFBC}") = "08", "08\08.csproj", "{CF4A2564-EFC4-4394-8C7C-7D98B923BC47}"
EndProject
Global
	GlobalSection(SolutionConfigurationPlatforms) = preSolution
		Debug|Any CPU = Debug|Any CPU
		Release|Any CPU = Release|Any CPU
	EndGlobalSection
	GlobalSection(ProjectConfigurationPlatforms) = postSolution
		{69CE5954-57C5-4890-8612-7C408DBCA30B}.Debug|Any CPU.ActiveCfg = Debug|Any CPU
		{69CE5954-57C5-4890-8612-7C408DBCA30B}.Debug|Any CPU.Build.0 = Debug|Any CPU
		{69CE5954-57C5-4890-8612-7C408DBCA30B}.Release|Any CPU.ActiveCfg = Release|Any CPU
		{69CE5954-57C5-4890-8612-7C408DBCA30B}.Release|Any CPU.Build.0 = Release|Any CPU
		{22035192-B83E-4AF1-9A80-1F7F60E6CFA7}.Debug|Any CPU.ActiveCfg = Debug|Any CPU
		{22035192-B83E-4AF1-9A80-1F7F60E6CFA7}.Debug|Any CPU.Build.0 = Debug|Any CPU
		{22035192-B83E-4AF1-9A80-1F7F60E6CFA7}.Release|Any CPU.ActiveCfg = Release|Any CPU
		{22035192-B83E-4AF1-9A80-1F7F60E6CFA7}.Release|Any CPU.Build.0 = Release|Any CPU
		{8906B499-8D29-44D8-94BC-52FE3D163BBA}.Debug|Any CPU.ActiveCfg = Debug|Any CPU
		{8906B499-8D29-44D8-94BC-52FE3D163BBA}.Debug|Any CPU.Build.0 = Debug|Any CPU
		{8906B499-8D29-44D8-94BC-52FE3D163BBA}.Release|Any CPU.ActiveCfg = Release|Any CPU
		{8906B499-8D29-44D8-94BC-52FE3D163BBA}.Release|Any CPU.Build.0 = Release|Any CPU
		{31EBAB1E-D6E8-464F-9394-58ABB80C526A}.Debug|Any CPU.ActiveCfg = Debug|Any CPU
		{31EBAB1E-D6E8-464F-9394-58ABB80C526A}.Debug|Any CPU.Build.0 = Debug|Any CPU
		{31EBAB1E-D6E8-464F-9394-58ABB80C526A}.Release|Any CPU.ActiveCfg = Release|Any CPU
		{31EBAB1E-D6E8-464F-9394-58ABB80C526A}.Release|Any CPU.Build.0 = Release|Any CPU
		{FA66E251-D3E1-4317-BF99-83E630CECA20}.Debug|Any CPU.ActiveCfg = Debug|Any CPU
		{FA66E251-D3E1-4317-BF99-83E630CECA20}.Debug|Any CPU.Build.0 = Debug|Any CPU
		{FA66E251-D3E1-4317-BF99-83E630CECA20}.Release|Any CPU.ActiveCfg = Release|Any CPU
		{FA66E251-D3E1-4317-BF99-83E630CECA20}.Release|Any CPU.Build.0 = Release|Any CPU
		{81AD6BF8-4421-4EEC-B01C-8B1EDE0C30A6}.Debug|Any CPU.ActiveCfg = Debug|Any CPU
		{81AD6BF8-4421-4EEC-B01C-8B1EDE0C30A6}.Debug|Any CPU.Build.0 = Debug|Any CPU
		{81AD6BF8-4421-4EEC-B01C-8B1EDE0C30A6}.Release|Any CPU.ActiveCfg = Release|Any CPU
		{81AD6BF8-4421-4EEC-B01C-8B1EDE0C30A6}.Release|Any CPU.Build.0 = Release|Any CPU
		{487EE82B-80B1-4F2A-9A9D-E68781023322}.Debug|Any CPU.ActiveCfg = Debug|Any CPU
		{487EE82B-80B1-4F2A-9A9D-E68781023322}.Debug|Any CPU.Build.0 = Debug|Any CPU
		{487EE82B-80B1-4F2A-9A9D-E68781023322}.Release|Any CPU.ActiveCfg = Release|Any CPU
		{487EE82B-80B1-4F2A-9A9D-E68781023322}.Release|Any CPU.Build.0 = Release|Any CPU
		{11AD921C-6CA0-4C23-8E54-D323B36C87D8}.Debug|Any CPU.ActiveCfg = Debug|Any CPU
		{11AD921C-6CA0-4C23-8E54-D323B36C87D8}.Debug|Any CPU.Build.0 = Debug|Any CPU
		{11AD921C-6CA0-4C23-8E54-D323B36C87D8}.Release|Any CPU.ActiveCfg = Release|Any CPU
		{11AD921C-6CA0-4C23-8E54-D323B36C87D8}.Release|Any CPU.Build.0 = Release|Any CPU
		{F77DC11A-CA77-43EF-ACD6-B22D2D0EF217}.Debug|Any CPU.ActiveCfg = Debug|Any CPU
		{F77DC11A-CA77-43EF-ACD6-B22D2D0EF217}.Debug|Any CPU.Build.0 = Debug|Any CPU
		{F77DC11A-CA77-43EF-ACD6-B22D2D0EF217}.Release|Any CPU.ActiveCfg = Release|Any CPU
		{F77DC11A-CA77-43EF-ACD6-B22D2D0EF217}.Release|Any CPU.Build.0 = Release|Any CPU
		{43D1F1E0-0A59-4168-8519-5079A30FD03C}.Debug|Any CPU.ActiveCfg = Debug|Any CPU
		{43D1F1E0-0A59-4168-8519-5079A30FD03C}.Debug|Any CPU.Build.0 = Debug|Any CPU
		{43D1F1E0-0A59-4168-8519-5079A30FD03C}.Release|Any CPU.ActiveCfg = Release|Any CPU
		{43D1F1E0-0A59-4168-8519-5079A30FD03C}.Release|Any CPU.Build.0 = Release|Any CPU
		{2A2521EE-3946-43E9-971A-7A4352C58252}.Debug|Any CPU.ActiveCfg = Debug|Any CPU
		{2A2521EE-3946-43E9-971A-7A4352C58252}.Debug|Any CPU.Build.0 = Debug|Any CPU
		{2A2521EE-3946-43E9-971A-7A4352C58252}.Release|Any CPU.ActiveCfg = Release|Any CPU
		{2A2521EE-3946-43E9-971A-7A4352C58252}.Release|Any CPU.Build.0 = Release|Any CPU
		{CF4A2564-EFC4-4394-8C7C-7D98B923BC47}.Debug|Any CPU.ActiveCfg = Debug|Any CPU
		{CF4A2564-EFC4-4394-8C7C-7D98B923BC47}.Debug|Any CPU.Build.0 = Debug|Any CPU
		{CF4A2564-EFC4-4394-8C7C-7D98B923BC47}.Release|Any CPU.ActiveCfg = Release|Any CPU
		{CF4A2564-EFC4-4394-8C7C-7D98B923BC47}.Release|Any CPU.Build.0 = Release|Any CPU
	EndGlobalSection
	GlobalSection(SolutionProperties) = preSolution
		HideSolutionNode = FALSE
	EndGlobalSection
	GlobalSection(ExtensibilityGlobals) = postSolution
		SolutionGuid = {436901D7-1D0C-4449-8CA5-F54B0F223035}
	EndGlobalSection
EndGlobal
