
Microsoft Visual Studio Solution File, Format Version 12.00
# Visual Studio Version 17
VisualStudioVersion = 17.7.34031.279
MinimumVisualStudioVersion = 10.0.40219.1
Project("{FAE04EC0-301F-11D3-BF4B-00C04F79EFBC}") = "test", "01\test.csproj", "{EB8ED238-DDA2-4F1C-BCF8-943DF274B911}"
EndProject
Project("{FAE04EC0-301F-11D3-BF4B-00C04F79EFBC}") = "01", "02\01.csproj", "{DEBF2CFE-B805-4764-83CD-8B187B68E55A}"
EndProject
Project("{FAE04EC0-301F-11D3-BF4B-00C04F79EFBC}") = "02", "323\02.csproj", "{05EBCE18-17AE-4B2A-9726-1228A8653F24}"
EndProject
Global
	GlobalSection(SolutionConfigurationPlatforms) = preSolution
		Debug|Any CPU = Debug|Any CPU
		Release|Any CPU = Release|Any CPU
	EndGlobalSection
	GlobalSection(ProjectConfigurationPlatforms) = postSolution
		{EB8ED238-DDA2-4F1C-BCF8-943DF274B911}.Debug|Any CPU.ActiveCfg = Debug|Any CPU
		{EB8ED238-DDA2-4F1C-BCF8-943DF274B911}.Debug|Any CPU.Build.0 = Debug|Any CPU
		{EB8ED238-DDA2-4F1C-BCF8-943DF274B911}.Release|Any CPU.ActiveCfg = Release|Any CPU
		{EB8ED238-DDA2-4F1C-BCF8-943DF274B911}.Release|Any CPU.Build.0 = Release|Any CPU
		{DEBF2CFE-B805-4764-83CD-8B187B68E55A}.Debug|Any CPU.ActiveCfg = Debug|Any CPU
		{DEBF2CFE-B805-4764-83CD-8B187B68E55A}.Debug|Any CPU.Build.0 = Debug|Any CPU
		{DEBF2CFE-B805-4764-83CD-8B187B68E55A}.Release|Any CPU.ActiveCfg = Release|Any CPU
		{DEBF2CFE-B805-4764-83CD-8B187B68E55A}.Release|Any CPU.Build.0 = Release|Any CPU
		{05EBCE18-17AE-4B2A-9726-1228A8653F24}.Debug|Any CPU.ActiveCfg = Debug|Any CPU
		{05EBCE18-17AE-4B2A-9726-1228A8653F24}.Debug|Any CPU.Build.0 = Debug|Any CPU
		{05EBCE18-17AE-4B2A-9726-1228A8653F24}.Release|Any CPU.ActiveCfg = Release|Any CPU
		{05EBCE18-17AE-4B2A-9726-1228A8653F24}.Release|Any CPU.Build.0 = Release|Any CPU
	EndGlobalSection
	GlobalSection(SolutionProperties) = preSolution
		HideSolutionNode = FALSE
	EndGlobalSection
	GlobalSection(ExtensibilityGlobals) = postSolution
		SolutionGuid = {B12E4178-2824-4172-A510-439A6ABD33BC}
	EndGlobalSection
EndGlobal
