
Microsoft Visual Studio Solution File, Format Version 12.00
# Visual Studio Version 17
VisualStudioVersion = 17.7.34031.279
MinimumVisualStudioVersion = 10.0.40219.1
Project("{9A19103F-16F7-4668-BE54-9A1E7A4F7556}") = "test", "01\test.csproj", "{A4EEC352-7238-4CFE-9492-A4A8B5674063}"
EndProject
Project("{9A19103F-16F7-4668-BE54-9A1E7A4F7556}") = "matrixIteration", "02\matrixIteration.csproj", "{B1E1C405-BC7B-4E25-8B51-681BCB3E716E}"
EndProject
Project("{9A19103F-16F7-4668-BE54-9A1E7A4F7556}") = "ReadMatrix", "ReadMatrix\ReadMatrix.csproj", "{D72BF1CA-03CF-4F4B-B679-9774FF3ED130}"
EndProject
Project("{9A19103F-16F7-4668-BE54-9A1E7A4F7556}") = "тест2", "тест2\тест2.csproj", "{68FC1067-E069-4745-8B43-644934691BD3}"
EndProject
Project("{9A19103F-16F7-4668-BE54-9A1E7A4F7556}") = "01", "011\01.csproj", "{DE36842D-A901-4587-82F6-F8D8F58EFF33}"
EndProject
Project("{9A19103F-16F7-4668-BE54-9A1E7A4F7556}") = "02", "022\02.csproj", "{71FA6764-3E3E-4451-AF79-B75F4ED4B981}"
EndProject
Project("{9A19103F-16F7-4668-BE54-9A1E7A4F7556}") = "03", "03\03.csproj", "{4E28A153-B638-4C04-B356-A5E040FFEC89}"
EndProject
Project("{9A19103F-16F7-4668-BE54-9A1E7A4F7556}") = "05", "05\05.csproj", "{713E016D-0B6B-4B27-9449-B2E17DE2AEDA}"
EndProject
Project("{9A19103F-16F7-4668-BE54-9A1E7A4F7556}") = "05.Modified", "05.Modified\05.Modified.csproj", "{DE0BDDA6-DC3E-47D4-B1BB-E149DB192C6E}"
EndProject
Project("{9A19103F-16F7-4668-BE54-9A1E7A4F7556}") = "06", "06\06.csproj", "{54479C5F-77C6-4A5F-BB5A-C23BD159CC2D}"
EndProject
Project("{9A19103F-16F7-4668-BE54-9A1E7A4F7556}") = "07", "066\07.csproj", "{CFC5DA69-BC26-4B4D-A3E6-F1AF6460B7A3}"
EndProject
Project("{9A19103F-16F7-4668-BE54-9A1E7A4F7556}") = "08", "08\08.csproj", "{09F9912A-BA8A-4265-B719-CB6A4C247910}"
EndProject
Project("{FAE04EC0-301F-11D3-BF4B-00C04F79EFBC}") = "08Alone", "08Alone\08Alone.csproj", "{F029CD71-C5BC-4D9B-A276-B9DB32556A11}"
EndProject
Global
	GlobalSection(SolutionConfigurationPlatforms) = preSolution
		Debug|Any CPU = Debug|Any CPU
		Release|Any CPU = Release|Any CPU
	EndGlobalSection
	GlobalSection(ProjectConfigurationPlatforms) = postSolution
		{A4EEC352-7238-4CFE-9492-A4A8B5674063}.Debug|Any CPU.ActiveCfg = Debug|Any CPU
		{A4EEC352-7238-4CFE-9492-A4A8B5674063}.Debug|Any CPU.Build.0 = Debug|Any CPU
		{A4EEC352-7238-4CFE-9492-A4A8B5674063}.Release|Any CPU.ActiveCfg = Release|Any CPU
		{A4EEC352-7238-4CFE-9492-A4A8B5674063}.Release|Any CPU.Build.0 = Release|Any CPU
		{B1E1C405-BC7B-4E25-8B51-681BCB3E716E}.Debug|Any CPU.ActiveCfg = Debug|Any CPU
		{B1E1C405-BC7B-4E25-8B51-681BCB3E716E}.Debug|Any CPU.Build.0 = Debug|Any CPU
		{B1E1C405-BC7B-4E25-8B51-681BCB3E716E}.Release|Any CPU.ActiveCfg = Release|Any CPU
		{B1E1C405-BC7B-4E25-8B51-681BCB3E716E}.Release|Any CPU.Build.0 = Release|Any CPU
		{D72BF1CA-03CF-4F4B-B679-9774FF3ED130}.Debug|Any CPU.ActiveCfg = Debug|Any CPU
		{D72BF1CA-03CF-4F4B-B679-9774FF3ED130}.Debug|Any CPU.Build.0 = Debug|Any CPU
		{D72BF1CA-03CF-4F4B-B679-9774FF3ED130}.Release|Any CPU.ActiveCfg = Release|Any CPU
		{D72BF1CA-03CF-4F4B-B679-9774FF3ED130}.Release|Any CPU.Build.0 = Release|Any CPU
		{68FC1067-E069-4745-8B43-644934691BD3}.Debug|Any CPU.ActiveCfg = Debug|Any CPU
		{68FC1067-E069-4745-8B43-644934691BD3}.Debug|Any CPU.Build.0 = Debug|Any CPU
		{68FC1067-E069-4745-8B43-644934691BD3}.Release|Any CPU.ActiveCfg = Release|Any CPU
		{68FC1067-E069-4745-8B43-644934691BD3}.Release|Any CPU.Build.0 = Release|Any CPU
		{DE36842D-A901-4587-82F6-F8D8F58EFF33}.Debug|Any CPU.ActiveCfg = Debug|Any CPU
		{DE36842D-A901-4587-82F6-F8D8F58EFF33}.Debug|Any CPU.Build.0 = Debug|Any CPU
		{DE36842D-A901-4587-82F6-F8D8F58EFF33}.Release|Any CPU.ActiveCfg = Release|Any CPU
		{DE36842D-A901-4587-82F6-F8D8F58EFF33}.Release|Any CPU.Build.0 = Release|Any CPU
		{71FA6764-3E3E-4451-AF79-B75F4ED4B981}.Debug|Any CPU.ActiveCfg = Debug|Any CPU
		{71FA6764-3E3E-4451-AF79-B75F4ED4B981}.Debug|Any CPU.Build.0 = Debug|Any CPU
		{71FA6764-3E3E-4451-AF79-B75F4ED4B981}.Release|Any CPU.ActiveCfg = Release|Any CPU
		{71FA6764-3E3E-4451-AF79-B75F4ED4B981}.Release|Any CPU.Build.0 = Release|Any CPU
		{4E28A153-B638-4C04-B356-A5E040FFEC89}.Debug|Any CPU.ActiveCfg = Debug|Any CPU
		{4E28A153-B638-4C04-B356-A5E040FFEC89}.Debug|Any CPU.Build.0 = Debug|Any CPU
		{4E28A153-B638-4C04-B356-A5E040FFEC89}.Release|Any CPU.ActiveCfg = Release|Any CPU
		{4E28A153-B638-4C04-B356-A5E040FFEC89}.Release|Any CPU.Build.0 = Release|Any CPU
		{713E016D-0B6B-4B27-9449-B2E17DE2AEDA}.Debug|Any CPU.ActiveCfg = Debug|Any CPU
		{713E016D-0B6B-4B27-9449-B2E17DE2AEDA}.Debug|Any CPU.Build.0 = Debug|Any CPU
		{713E016D-0B6B-4B27-9449-B2E17DE2AEDA}.Release|Any CPU.ActiveCfg = Release|Any CPU
		{713E016D-0B6B-4B27-9449-B2E17DE2AEDA}.Release|Any CPU.Build.0 = Release|Any CPU
		{DE0BDDA6-DC3E-47D4-B1BB-E149DB192C6E}.Debug|Any CPU.ActiveCfg = Debug|Any CPU
		{DE0BDDA6-DC3E-47D4-B1BB-E149DB192C6E}.Debug|Any CPU.Build.0 = Debug|Any CPU
		{DE0BDDA6-DC3E-47D4-B1BB-E149DB192C6E}.Release|Any CPU.ActiveCfg = Release|Any CPU
		{DE0BDDA6-DC3E-47D4-B1BB-E149DB192C6E}.Release|Any CPU.Build.0 = Release|Any CPU
		{54479C5F-77C6-4A5F-BB5A-C23BD159CC2D}.Debug|Any CPU.ActiveCfg = Debug|Any CPU
		{54479C5F-77C6-4A5F-BB5A-C23BD159CC2D}.Debug|Any CPU.Build.0 = Debug|Any CPU
		{54479C5F-77C6-4A5F-BB5A-C23BD159CC2D}.Release|Any CPU.ActiveCfg = Release|Any CPU
		{54479C5F-77C6-4A5F-BB5A-C23BD159CC2D}.Release|Any CPU.Build.0 = Release|Any CPU
		{CFC5DA69-BC26-4B4D-A3E6-F1AF6460B7A3}.Debug|Any CPU.ActiveCfg = Debug|Any CPU
		{CFC5DA69-BC26-4B4D-A3E6-F1AF6460B7A3}.Debug|Any CPU.Build.0 = Debug|Any CPU
		{CFC5DA69-BC26-4B4D-A3E6-F1AF6460B7A3}.Release|Any CPU.ActiveCfg = Release|Any CPU
		{CFC5DA69-BC26-4B4D-A3E6-F1AF6460B7A3}.Release|Any CPU.Build.0 = Release|Any CPU
		{09F9912A-BA8A-4265-B719-CB6A4C247910}.Debug|Any CPU.ActiveCfg = Debug|Any CPU
		{09F9912A-BA8A-4265-B719-CB6A4C247910}.Debug|Any CPU.Build.0 = Debug|Any CPU
		{09F9912A-BA8A-4265-B719-CB6A4C247910}.Release|Any CPU.ActiveCfg = Release|Any CPU
		{09F9912A-BA8A-4265-B719-CB6A4C247910}.Release|Any CPU.Build.0 = Release|Any CPU
		{F029CD71-C5BC-4D9B-A276-B9DB32556A11}.Debug|Any CPU.ActiveCfg = Debug|Any CPU
		{F029CD71-C5BC-4D9B-A276-B9DB32556A11}.Debug|Any CPU.Build.0 = Debug|Any CPU
		{F029CD71-C5BC-4D9B-A276-B9DB32556A11}.Release|Any CPU.ActiveCfg = Release|Any CPU
		{F029CD71-C5BC-4D9B-A276-B9DB32556A11}.Release|Any CPU.Build.0 = Release|Any CPU
	EndGlobalSection
	GlobalSection(SolutionProperties) = preSolution
		HideSolutionNode = FALSE
	EndGlobalSection
	GlobalSection(ExtensibilityGlobals) = postSolution
		SolutionGuid = {35CD6554-1441-43A6-A9AE-2F3BD13470F6}
	EndGlobalSection
EndGlobal
