
Microsoft Visual Studio Solution File, Format Version 12.00
# Visual Studio Version 17
VisualStudioVersion = 17.7.34031.279
MinimumVisualStudioVersion = 10.0.40219.1
Project("{9A19103F-16F7-4668-BE54-9A1E7A4F7556}") = "01", "01\01.csproj", "{27136D0A-98FA-47D6-891D-6A026061B00E}"
EndProject
Project("{9A19103F-16F7-4668-BE54-9A1E7A4F7556}") = "02", "02\02.csproj", "{A4C1E71D-C732-418F-89CE-BD879531186A}"
EndProject
Project("{9A19103F-16F7-4668-BE54-9A1E7A4F7556}") = "05", "05\05.csproj", "{394829C5-6F9A-4905-82F5-3D3135443CF4}"
EndProject
Project("{9A19103F-16F7-4668-BE54-9A1E7A4F7556}") = "03", "03\03.csproj", "{EF71C6E3-7CA9-4286-A480-6FB146F2AC51}"
EndProject
Project("{9A19103F-16F7-4668-BE54-9A1E7A4F7556}") = "04", "04\04.csproj", "{C15FF892-46D8-485A-A122-BDAFE9C7EA6E}"
EndProject
Project("{FAE04EC0-301F-11D3-BF4B-00C04F79EFBC}") = "06", "06\06.csproj", "{59A97448-FC18-4C28-9159-D2D6F25C02BC}"
EndProject
Project("{FAE04EC0-301F-11D3-BF4B-00C04F79EFBC}") = "07", "07\07.csproj", "{AF15952C-A3C9-4340-980D-EEA4A5E823EC}"
EndProject
Global
	GlobalSection(SolutionConfigurationPlatforms) = preSolution
		Debug|Any CPU = Debug|Any CPU
		Release|Any CPU = Release|Any CPU
	EndGlobalSection
	GlobalSection(ProjectConfigurationPlatforms) = postSolution
		{27136D0A-98FA-47D6-891D-6A026061B00E}.Debug|Any CPU.ActiveCfg = Debug|Any CPU
		{27136D0A-98FA-47D6-891D-6A026061B00E}.Debug|Any CPU.Build.0 = Debug|Any CPU
		{27136D0A-98FA-47D6-891D-6A026061B00E}.Release|Any CPU.ActiveCfg = Release|Any CPU
		{27136D0A-98FA-47D6-891D-6A026061B00E}.Release|Any CPU.Build.0 = Release|Any CPU
		{A4C1E71D-C732-418F-89CE-BD879531186A}.Debug|Any CPU.ActiveCfg = Debug|Any CPU
		{A4C1E71D-C732-418F-89CE-BD879531186A}.Debug|Any CPU.Build.0 = Debug|Any CPU
		{A4C1E71D-C732-418F-89CE-BD879531186A}.Release|Any CPU.ActiveCfg = Release|Any CPU
		{A4C1E71D-C732-418F-89CE-BD879531186A}.Release|Any CPU.Build.0 = Release|Any CPU
		{394829C5-6F9A-4905-82F5-3D3135443CF4}.Debug|Any CPU.ActiveCfg = Debug|Any CPU
		{394829C5-6F9A-4905-82F5-3D3135443CF4}.Debug|Any CPU.Build.0 = Debug|Any CPU
		{394829C5-6F9A-4905-82F5-3D3135443CF4}.Release|Any CPU.ActiveCfg = Release|Any CPU
		{394829C5-6F9A-4905-82F5-3D3135443CF4}.Release|Any CPU.Build.0 = Release|Any CPU
		{EF71C6E3-7CA9-4286-A480-6FB146F2AC51}.Debug|Any CPU.ActiveCfg = Debug|Any CPU
		{EF71C6E3-7CA9-4286-A480-6FB146F2AC51}.Debug|Any CPU.Build.0 = Debug|Any CPU
		{EF71C6E3-7CA9-4286-A480-6FB146F2AC51}.Release|Any CPU.ActiveCfg = Release|Any CPU
		{EF71C6E3-7CA9-4286-A480-6FB146F2AC51}.Release|Any CPU.Build.0 = Release|Any CPU
		{C15FF892-46D8-485A-A122-BDAFE9C7EA6E}.Debug|Any CPU.ActiveCfg = Debug|Any CPU
		{C15FF892-46D8-485A-A122-BDAFE9C7EA6E}.Debug|Any CPU.Build.0 = Debug|Any CPU
		{C15FF892-46D8-485A-A122-BDAFE9C7EA6E}.Release|Any CPU.ActiveCfg = Release|Any CPU
		{C15FF892-46D8-485A-A122-BDAFE9C7EA6E}.Release|Any CPU.Build.0 = Release|Any CPU
		{59A97448-FC18-4C28-9159-D2D6F25C02BC}.Debug|Any CPU.ActiveCfg = Debug|Any CPU
		{59A97448-FC18-4C28-9159-D2D6F25C02BC}.Debug|Any CPU.Build.0 = Debug|Any CPU
		{59A97448-FC18-4C28-9159-D2D6F25C02BC}.Release|Any CPU.ActiveCfg = Release|Any CPU
		{59A97448-FC18-4C28-9159-D2D6F25C02BC}.Release|Any CPU.Build.0 = Release|Any CPU
		{AF15952C-A3C9-4340-980D-EEA4A5E823EC}.Debug|Any CPU.ActiveCfg = Debug|Any CPU
		{AF15952C-A3C9-4340-980D-EEA4A5E823EC}.Debug|Any CPU.Build.0 = Debug|Any CPU
		{AF15952C-A3C9-4340-980D-EEA4A5E823EC}.Release|Any CPU.ActiveCfg = Release|Any CPU
		{AF15952C-A3C9-4340-980D-EEA4A5E823EC}.Release|Any CPU.Build.0 = Release|Any CPU
	EndGlobalSection
	GlobalSection(SolutionProperties) = preSolution
		HideSolutionNode = FALSE
	EndGlobalSection
	GlobalSection(ExtensibilityGlobals) = postSolution
		SolutionGuid = {7633FF7E-C86B-4867-A9F4-21F8B0CC3091}
	EndGlobalSection
EndGlobal
