
Microsoft Visual Studio Solution File, Format Version 12.00
# Visual Studio Version 17
VisualStudioVersion = 17.7.34031.279
MinimumVisualStudioVersion = 10.0.40219.1
Project("{9A19103F-16F7-4668-BE54-9A1E7A4F7556}") = "01", "01\01.csproj", "{6502DC59-0AC9-4965-9027-84986387F908}"
EndProject
Project("{9A19103F-16F7-4668-BE54-9A1E7A4F7556}") = "02", "02\02.csproj", "{643723E0-3308-477D-B850-A79EC9E053A1}"
EndProject
Project("{9A19103F-16F7-4668-BE54-9A1E7A4F7556}") = "03", "03\03.csproj", "{52715298-330D-4E6B-87C0-7CCE8A6E6B93}"
EndProject
Project("{9A19103F-16F7-4668-BE54-9A1E7A4F7556}") = "04", "04\04.csproj", "{BE5EBE02-9581-4276-9EFD-4980BF11F09C}"
EndProject
Project("{FAE04EC0-301F-11D3-BF4B-00C04F79EFBC}") = "01.1", "01.1\01.1.csproj", "{0C89FF8B-6D2B-4E25-A862-B5334CC07A2E}"
EndProject
Project("{FAE04EC0-301F-11D3-BF4B-00C04F79EFBC}") = "02.1", "02.1\02.1.csproj", "{69EAB0AB-FEF4-4E35-820C-BCA0958174D5}"
EndProject
Project("{FAE04EC0-301F-11D3-BF4B-00C04F79EFBC}") = "03.1", "03.1\03.1.csproj", "{4FE4AC11-40D9-4B0B-918E-E88C3887C049}"
EndProject
Project("{FAE04EC0-301F-11D3-BF4B-00C04F79EFBC}") = "04.1", "04.1\04.1.csproj", "{5B926E21-00EA-4F4B-9FD0-1FFBECB88B94}"
EndProject
Project("{FAE04EC0-301F-11D3-BF4B-00C04F79EFBC}") = "05.1", "05.1\05.1.csproj", "{7617FE78-BA81-404D-A6C5-04ADEF2BA0A5}"
EndProject
Global
	GlobalSection(SolutionConfigurationPlatforms) = preSolution
		Debug|Any CPU = Debug|Any CPU
		Release|Any CPU = Release|Any CPU
	EndGlobalSection
	GlobalSection(ProjectConfigurationPlatforms) = postSolution
		{6502DC59-0AC9-4965-9027-84986387F908}.Debug|Any CPU.ActiveCfg = Debug|Any CPU
		{6502DC59-0AC9-4965-9027-84986387F908}.Debug|Any CPU.Build.0 = Debug|Any CPU
		{6502DC59-0AC9-4965-9027-84986387F908}.Release|Any CPU.ActiveCfg = Release|Any CPU
		{6502DC59-0AC9-4965-9027-84986387F908}.Release|Any CPU.Build.0 = Release|Any CPU
		{643723E0-3308-477D-B850-A79EC9E053A1}.Debug|Any CPU.ActiveCfg = Debug|Any CPU
		{643723E0-3308-477D-B850-A79EC9E053A1}.Debug|Any CPU.Build.0 = Debug|Any CPU
		{643723E0-3308-477D-B850-A79EC9E053A1}.Release|Any CPU.ActiveCfg = Release|Any CPU
		{643723E0-3308-477D-B850-A79EC9E053A1}.Release|Any CPU.Build.0 = Release|Any CPU
		{52715298-330D-4E6B-87C0-7CCE8A6E6B93}.Debug|Any CPU.ActiveCfg = Debug|Any CPU
		{52715298-330D-4E6B-87C0-7CCE8A6E6B93}.Debug|Any CPU.Build.0 = Debug|Any CPU
		{52715298-330D-4E6B-87C0-7CCE8A6E6B93}.Release|Any CPU.ActiveCfg = Release|Any CPU
		{52715298-330D-4E6B-87C0-7CCE8A6E6B93}.Release|Any CPU.Build.0 = Release|Any CPU
		{BE5EBE02-9581-4276-9EFD-4980BF11F09C}.Debug|Any CPU.ActiveCfg = Debug|Any CPU
		{BE5EBE02-9581-4276-9EFD-4980BF11F09C}.Debug|Any CPU.Build.0 = Debug|Any CPU
		{BE5EBE02-9581-4276-9EFD-4980BF11F09C}.Release|Any CPU.ActiveCfg = Release|Any CPU
		{BE5EBE02-9581-4276-9EFD-4980BF11F09C}.Release|Any CPU.Build.0 = Release|Any CPU
		{0C89FF8B-6D2B-4E25-A862-B5334CC07A2E}.Debug|Any CPU.ActiveCfg = Debug|Any CPU
		{0C89FF8B-6D2B-4E25-A862-B5334CC07A2E}.Debug|Any CPU.Build.0 = Debug|Any CPU
		{0C89FF8B-6D2B-4E25-A862-B5334CC07A2E}.Release|Any CPU.ActiveCfg = Release|Any CPU
		{0C89FF8B-6D2B-4E25-A862-B5334CC07A2E}.Release|Any CPU.Build.0 = Release|Any CPU
		{69EAB0AB-FEF4-4E35-820C-BCA0958174D5}.Debug|Any CPU.ActiveCfg = Debug|Any CPU
		{69EAB0AB-FEF4-4E35-820C-BCA0958174D5}.Debug|Any CPU.Build.0 = Debug|Any CPU
		{69EAB0AB-FEF4-4E35-820C-BCA0958174D5}.Release|Any CPU.ActiveCfg = Release|Any CPU
		{69EAB0AB-FEF4-4E35-820C-BCA0958174D5}.Release|Any CPU.Build.0 = Release|Any CPU
		{4FE4AC11-40D9-4B0B-918E-E88C3887C049}.Debug|Any CPU.ActiveCfg = Debug|Any CPU
		{4FE4AC11-40D9-4B0B-918E-E88C3887C049}.Debug|Any CPU.Build.0 = Debug|Any CPU
		{4FE4AC11-40D9-4B0B-918E-E88C3887C049}.Release|Any CPU.ActiveCfg = Release|Any CPU
		{4FE4AC11-40D9-4B0B-918E-E88C3887C049}.Release|Any CPU.Build.0 = Release|Any CPU
		{5B926E21-00EA-4F4B-9FD0-1FFBECB88B94}.Debug|Any CPU.ActiveCfg = Debug|Any CPU
		{5B926E21-00EA-4F4B-9FD0-1FFBECB88B94}.Debug|Any CPU.Build.0 = Debug|Any CPU
		{5B926E21-00EA-4F4B-9FD0-1FFBECB88B94}.Release|Any CPU.ActiveCfg = Release|Any CPU
		{5B926E21-00EA-4F4B-9FD0-1FFBECB88B94}.Release|Any CPU.Build.0 = Release|Any CPU
		{7617FE78-BA81-404D-A6C5-04ADEF2BA0A5}.Debug|Any CPU.ActiveCfg = Debug|Any CPU
		{7617FE78-BA81-404D-A6C5-04ADEF2BA0A5}.Debug|Any CPU.Build.0 = Debug|Any CPU
		{7617FE78-BA81-404D-A6C5-04ADEF2BA0A5}.Release|Any CPU.ActiveCfg = Release|Any CPU
		{7617FE78-BA81-404D-A6C5-04ADEF2BA0A5}.Release|Any CPU.Build.0 = Release|Any CPU
	EndGlobalSection
	GlobalSection(SolutionProperties) = preSolution
		HideSolutionNode = FALSE
	EndGlobalSection
	GlobalSection(ExtensibilityGlobals) = postSolution
		SolutionGuid = {C0F66394-C577-4BE6-B0ED-A0F3009DE31F}
	EndGlobalSection
EndGlobal
