
Microsoft Visual Studio Solution File, Format Version 12.00
# Visual Studio Version 17
VisualStudioVersion = 17.7.34031.279
MinimumVisualStudioVersion = 10.0.40219.1
Project("{FAE04EC0-301F-11D3-BF4B-00C04F79EFBC}") = "01", "01\01.csproj", "{98C44DF2-7BAC-42E8-A7A6-86CCDC9D2E0B}"
EndProject
Project("{FAE04EC0-301F-11D3-BF4B-00C04F79EFBC}") = "02", "02\02.csproj", "{7BF10870-F3A1-4E42-BB97-F7E19B5478FA}"
EndProject
Project("{FAE04EC0-301F-11D3-BF4B-00C04F79EFBC}") = "03", "03\03.csproj", "{4FD02E5F-A5EA-484C-9C7A-E0A2D0103365}"
EndProject
Project("{FAE04EC0-301F-11D3-BF4B-00C04F79EFBC}") = "forLater", "forLater\forLater.csproj", "{BE8BBB4C-0F22-4485-A4D1-36C362A32647}"
EndProject
Global
	GlobalSection(SolutionConfigurationPlatforms) = preSolution
		Debug|Any CPU = Debug|Any CPU
		Release|Any CPU = Release|Any CPU
	EndGlobalSection
	GlobalSection(ProjectConfigurationPlatforms) = postSolution
		{98C44DF2-7BAC-42E8-A7A6-86CCDC9D2E0B}.Debug|Any CPU.ActiveCfg = Debug|Any CPU
		{98C44DF2-7BAC-42E8-A7A6-86CCDC9D2E0B}.Debug|Any CPU.Build.0 = Debug|Any CPU
		{98C44DF2-7BAC-42E8-A7A6-86CCDC9D2E0B}.Release|Any CPU.ActiveCfg = Release|Any CPU
		{98C44DF2-7BAC-42E8-A7A6-86CCDC9D2E0B}.Release|Any CPU.Build.0 = Release|Any CPU
		{7BF10870-F3A1-4E42-BB97-F7E19B5478FA}.Debug|Any CPU.ActiveCfg = Debug|Any CPU
		{7BF10870-F3A1-4E42-BB97-F7E19B5478FA}.Debug|Any CPU.Build.0 = Debug|Any CPU
		{7BF10870-F3A1-4E42-BB97-F7E19B5478FA}.Release|Any CPU.ActiveCfg = Release|Any CPU
		{7BF10870-F3A1-4E42-BB97-F7E19B5478FA}.Release|Any CPU.Build.0 = Release|Any CPU
		{4FD02E5F-A5EA-484C-9C7A-E0A2D0103365}.Debug|Any CPU.ActiveCfg = Debug|Any CPU
		{4FD02E5F-A5EA-484C-9C7A-E0A2D0103365}.Debug|Any CPU.Build.0 = Debug|Any CPU
		{4FD02E5F-A5EA-484C-9C7A-E0A2D0103365}.Release|Any CPU.ActiveCfg = Release|Any CPU
		{4FD02E5F-A5EA-484C-9C7A-E0A2D0103365}.Release|Any CPU.Build.0 = Release|Any CPU
		{BE8BBB4C-0F22-4485-A4D1-36C362A32647}.Debug|Any CPU.ActiveCfg = Debug|Any CPU
		{BE8BBB4C-0F22-4485-A4D1-36C362A32647}.Debug|Any CPU.Build.0 = Debug|Any CPU
		{BE8BBB4C-0F22-4485-A4D1-36C362A32647}.Release|Any CPU.ActiveCfg = Release|Any CPU
		{BE8BBB4C-0F22-4485-A4D1-36C362A32647}.Release|Any CPU.Build.0 = Release|Any CPU
	EndGlobalSection
	GlobalSection(SolutionProperties) = preSolution
		HideSolutionNode = FALSE
	EndGlobalSection
	GlobalSection(ExtensibilityGlobals) = postSolution
		SolutionGuid = {A3ADAAD3-470A-4488-BB9A-0880B3869FAD}
	EndGlobalSection
EndGlobal
