
Microsoft Visual Studio Solution File, Format Version 12.00
# Visual Studio Version 17
VisualStudioVersion = 17.7.34031.279
MinimumVisualStudioVersion = 10.0.40219.1
Project("{9A19103F-16F7-4668-BE54-9A1E7A4F7556}") = "01", "01\01.csproj", "{EAE0534B-AE93-4B21-B2CC-FD8F6A6E2F06}"
EndProject
Project("{9A19103F-16F7-4668-BE54-9A1E7A4F7556}") = "02", "02\02.csproj", "{812D7A92-40E9-45C7-9CF2-70C9E2291DF5}"
EndProject
Project("{9A19103F-16F7-4668-BE54-9A1E7A4F7556}") = "03", "03\03.csproj", "{66A9420B-2CF6-4B51-BD17-C1F5D8A2B845}"
EndProject
Project("{FAE04EC0-301F-11D3-BF4B-00C04F79EFBC}") = "04", "04\04.csproj", "{880E8C24-5D4A-4013-B8B1-828DF82B0B18}"
EndProject
Project("{FAE04EC0-301F-11D3-BF4B-00C04F79EFBC}") = "05", "05\05.csproj", "{21D25DF0-30C1-4DA2-90E7-DF7106C52C3A}"
EndProject
Global
	GlobalSection(SolutionConfigurationPlatforms) = preSolution
		Debug|Any CPU = Debug|Any CPU
		Release|Any CPU = Release|Any CPU
	EndGlobalSection
	GlobalSection(ProjectConfigurationPlatforms) = postSolution
		{EAE0534B-AE93-4B21-B2CC-FD8F6A6E2F06}.Debug|Any CPU.ActiveCfg = Debug|Any CPU
		{EAE0534B-AE93-4B21-B2CC-FD8F6A6E2F06}.Debug|Any CPU.Build.0 = Debug|Any CPU
		{EAE0534B-AE93-4B21-B2CC-FD8F6A6E2F06}.Release|Any CPU.ActiveCfg = Release|Any CPU
		{EAE0534B-AE93-4B21-B2CC-FD8F6A6E2F06}.Release|Any CPU.Build.0 = Release|Any CPU
		{812D7A92-40E9-45C7-9CF2-70C9E2291DF5}.Debug|Any CPU.ActiveCfg = Debug|Any CPU
		{812D7A92-40E9-45C7-9CF2-70C9E2291DF5}.Debug|Any CPU.Build.0 = Debug|Any CPU
		{812D7A92-40E9-45C7-9CF2-70C9E2291DF5}.Release|Any CPU.ActiveCfg = Release|Any CPU
		{812D7A92-40E9-45C7-9CF2-70C9E2291DF5}.Release|Any CPU.Build.0 = Release|Any CPU
		{66A9420B-2CF6-4B51-BD17-C1F5D8A2B845}.Debug|Any CPU.ActiveCfg = Debug|Any CPU
		{66A9420B-2CF6-4B51-BD17-C1F5D8A2B845}.Debug|Any CPU.Build.0 = Debug|Any CPU
		{66A9420B-2CF6-4B51-BD17-C1F5D8A2B845}.Release|Any CPU.ActiveCfg = Release|Any CPU
		{66A9420B-2CF6-4B51-BD17-C1F5D8A2B845}.Release|Any CPU.Build.0 = Release|Any CPU
		{880E8C24-5D4A-4013-B8B1-828DF82B0B18}.Debug|Any CPU.ActiveCfg = Debug|Any CPU
		{880E8C24-5D4A-4013-B8B1-828DF82B0B18}.Debug|Any CPU.Build.0 = Debug|Any CPU
		{880E8C24-5D4A-4013-B8B1-828DF82B0B18}.Release|Any CPU.ActiveCfg = Release|Any CPU
		{880E8C24-5D4A-4013-B8B1-828DF82B0B18}.Release|Any CPU.Build.0 = Release|Any CPU
		{21D25DF0-30C1-4DA2-90E7-DF7106C52C3A}.Debug|Any CPU.ActiveCfg = Debug|Any CPU
		{21D25DF0-30C1-4DA2-90E7-DF7106C52C3A}.Debug|Any CPU.Build.0 = Debug|Any CPU
		{21D25DF0-30C1-4DA2-90E7-DF7106C52C3A}.Release|Any CPU.ActiveCfg = Release|Any CPU
		{21D25DF0-30C1-4DA2-90E7-DF7106C52C3A}.Release|Any CPU.Build.0 = Release|Any CPU
	EndGlobalSection
	GlobalSection(SolutionProperties) = preSolution
		HideSolutionNode = FALSE
	EndGlobalSection
	GlobalSection(ExtensibilityGlobals) = postSolution
		SolutionGuid = {7EA1B6BC-2B96-49E5-A4B1-70346915D494}
	EndGlobalSection
EndGlobal
