
Microsoft Visual Studio Solution File, Format Version 12.00
# Visual Studio Version 17
VisualStudioVersion = 17.7.34031.279
MinimumVisualStudioVersion = 10.0.40219.1
Project("{9A19103F-16F7-4668-BE54-9A1E7A4F7556}") = "01", "ConsoleApp1\01.csproj", "{BF94DA71-9799-4C46-B4AF-8C9A862D7D99}"
EndProject
Project("{9A19103F-16F7-4668-BE54-9A1E7A4F7556}") = "02", "02\02.csproj", "{9DDC195E-DA81-405A-9E11-F21628B0FEFA}"
EndProject
Project("{9A19103F-16F7-4668-BE54-9A1E7A4F7556}") = "03", "03\03.csproj", "{853739A2-3A3F-46B8-AF0A-0A12CCBD58BA}"
EndProject
Project("{9A19103F-16F7-4668-BE54-9A1E7A4F7556}") = "04", "04\04.csproj", "{92938DB5-CDBB-4ACA-87EB-8F62D00B7EA9}"
EndProject
Project("{9A19103F-16F7-4668-BE54-9A1E7A4F7556}") = "05", "05\05.csproj", "{F15ADA0D-2D72-4C38-94DE-64FC74F57B59}"
EndProject
Project("{9A19103F-16F7-4668-BE54-9A1E7A4F7556}") = "06", "06\06.csproj", "{ED7D4A08-585A-4581-89B3-651CF86C54D5}"
EndProject
Project("{9A19103F-16F7-4668-BE54-9A1E7A4F7556}") = "07", "07\07.csproj", "{392355F2-9DEA-40C7-BE02-2B92BBA3859D}"
EndProject
Project("{9A19103F-16F7-4668-BE54-9A1E7A4F7556}") = "08", "08\08.csproj", "{1A86597C-13B0-46E3-B6C3-6CA6B3A790CA}"
EndProject
Project("{9A19103F-16F7-4668-BE54-9A1E7A4F7556}") = "09", "09\09.csproj", "{8096C786-F37F-47DD-938D-6EDFC3E36A39}"
EndProject
Project("{9A19103F-16F7-4668-BE54-9A1E7A4F7556}") = "10", "10\10.csproj", "{97A31376-9813-47C3-AC66-5B6484FDB43A}"
EndProject
Project("{FAE04EC0-301F-11D3-BF4B-00C04F79EFBC}") = "11", "11\11.csproj", "{79821442-7A6A-4579-A999-54C29F48F3F8}"
EndProject
Project("{FAE04EC0-301F-11D3-BF4B-00C04F79EFBC}") = "12", "12\12.csproj", "{4A71DEFE-8DCB-492A-B2FE-ACF6E5AC6D98}"
EndProject
Project("{FAE04EC0-301F-11D3-BF4B-00C04F79EFBC}") = "tes", "tes\tes.csproj", "{FA6638EE-79A1-4631-8FDE-35C8B83F8AA8}"
EndProject
Global
	GlobalSection(SolutionConfigurationPlatforms) = preSolution
		Debug|Any CPU = Debug|Any CPU
		Release|Any CPU = Release|Any CPU
	EndGlobalSection
	GlobalSection(ProjectConfigurationPlatforms) = postSolution
		{BF94DA71-9799-4C46-B4AF-8C9A862D7D99}.Debug|Any CPU.ActiveCfg = Debug|Any CPU
		{BF94DA71-9799-4C46-B4AF-8C9A862D7D99}.Debug|Any CPU.Build.0 = Debug|Any CPU
		{BF94DA71-9799-4C46-B4AF-8C9A862D7D99}.Release|Any CPU.ActiveCfg = Release|Any CPU
		{BF94DA71-9799-4C46-B4AF-8C9A862D7D99}.Release|Any CPU.Build.0 = Release|Any CPU
		{9DDC195E-DA81-405A-9E11-F21628B0FEFA}.Debug|Any CPU.ActiveCfg = Debug|Any CPU
		{9DDC195E-DA81-405A-9E11-F21628B0FEFA}.Debug|Any CPU.Build.0 = Debug|Any CPU
		{9DDC195E-DA81-405A-9E11-F21628B0FEFA}.Release|Any CPU.ActiveCfg = Release|Any CPU
		{9DDC195E-DA81-405A-9E11-F21628B0FEFA}.Release|Any CPU.Build.0 = Release|Any CPU
		{853739A2-3A3F-46B8-AF0A-0A12CCBD58BA}.Debug|Any CPU.ActiveCfg = Debug|Any CPU
		{853739A2-3A3F-46B8-AF0A-0A12CCBD58BA}.Debug|Any CPU.Build.0 = Debug|Any CPU
		{853739A2-3A3F-46B8-AF0A-0A12CCBD58BA}.Release|Any CPU.ActiveCfg = Release|Any CPU
		{853739A2-3A3F-46B8-AF0A-0A12CCBD58BA}.Release|Any CPU.Build.0 = Release|Any CPU
		{92938DB5-CDBB-4ACA-87EB-8F62D00B7EA9}.Debug|Any CPU.ActiveCfg = Debug|Any CPU
		{92938DB5-CDBB-4ACA-87EB-8F62D00B7EA9}.Debug|Any CPU.Build.0 = Debug|Any CPU
		{92938DB5-CDBB-4ACA-87EB-8F62D00B7EA9}.Release|Any CPU.ActiveCfg = Release|Any CPU
		{92938DB5-CDBB-4ACA-87EB-8F62D00B7EA9}.Release|Any CPU.Build.0 = Release|Any CPU
		{F15ADA0D-2D72-4C38-94DE-64FC74F57B59}.Debug|Any CPU.ActiveCfg = Debug|Any CPU
		{F15ADA0D-2D72-4C38-94DE-64FC74F57B59}.Debug|Any CPU.Build.0 = Debug|Any CPU
		{F15ADA0D-2D72-4C38-94DE-64FC74F57B59}.Release|Any CPU.ActiveCfg = Release|Any CPU
		{F15ADA0D-2D72-4C38-94DE-64FC74F57B59}.Release|Any CPU.Build.0 = Release|Any CPU
		{ED7D4A08-585A-4581-89B3-651CF86C54D5}.Debug|Any CPU.ActiveCfg = Debug|Any CPU
		{ED7D4A08-585A-4581-89B3-651CF86C54D5}.Debug|Any CPU.Build.0 = Debug|Any CPU
		{ED7D4A08-585A-4581-89B3-651CF86C54D5}.Release|Any CPU.ActiveCfg = Release|Any CPU
		{ED7D4A08-585A-4581-89B3-651CF86C54D5}.Release|Any CPU.Build.0 = Release|Any CPU
		{392355F2-9DEA-40C7-BE02-2B92BBA3859D}.Debug|Any CPU.ActiveCfg = Debug|Any CPU
		{392355F2-9DEA-40C7-BE02-2B92BBA3859D}.Debug|Any CPU.Build.0 = Debug|Any CPU
		{392355F2-9DEA-40C7-BE02-2B92BBA3859D}.Release|Any CPU.ActiveCfg = Release|Any CPU
		{392355F2-9DEA-40C7-BE02-2B92BBA3859D}.Release|Any CPU.Build.0 = Release|Any CPU
		{1A86597C-13B0-46E3-B6C3-6CA6B3A790CA}.Debug|Any CPU.ActiveCfg = Debug|Any CPU
		{1A86597C-13B0-46E3-B6C3-6CA6B3A790CA}.Debug|Any CPU.Build.0 = Debug|Any CPU
		{1A86597C-13B0-46E3-B6C3-6CA6B3A790CA}.Release|Any CPU.ActiveCfg = Release|Any CPU
		{1A86597C-13B0-46E3-B6C3-6CA6B3A790CA}.Release|Any CPU.Build.0 = Release|Any CPU
		{8096C786-F37F-47DD-938D-6EDFC3E36A39}.Debug|Any CPU.ActiveCfg = Debug|Any CPU
		{8096C786-F37F-47DD-938D-6EDFC3E36A39}.Debug|Any CPU.Build.0 = Debug|Any CPU
		{8096C786-F37F-47DD-938D-6EDFC3E36A39}.Release|Any CPU.ActiveCfg = Release|Any CPU
		{8096C786-F37F-47DD-938D-6EDFC3E36A39}.Release|Any CPU.Build.0 = Release|Any CPU
		{97A31376-9813-47C3-AC66-5B6484FDB43A}.Debug|Any CPU.ActiveCfg = Debug|Any CPU
		{97A31376-9813-47C3-AC66-5B6484FDB43A}.Debug|Any CPU.Build.0 = Debug|Any CPU
		{97A31376-9813-47C3-AC66-5B6484FDB43A}.Release|Any CPU.ActiveCfg = Release|Any CPU
		{97A31376-9813-47C3-AC66-5B6484FDB43A}.Release|Any CPU.Build.0 = Release|Any CPU
		{79821442-7A6A-4579-A999-54C29F48F3F8}.Debug|Any CPU.ActiveCfg = Debug|Any CPU
		{79821442-7A6A-4579-A999-54C29F48F3F8}.Debug|Any CPU.Build.0 = Debug|Any CPU
		{79821442-7A6A-4579-A999-54C29F48F3F8}.Release|Any CPU.ActiveCfg = Release|Any CPU
		{79821442-7A6A-4579-A999-54C29F48F3F8}.Release|Any CPU.Build.0 = Release|Any CPU
		{4A71DEFE-8DCB-492A-B2FE-ACF6E5AC6D98}.Debug|Any CPU.ActiveCfg = Debug|Any CPU
		{4A71DEFE-8DCB-492A-B2FE-ACF6E5AC6D98}.Debug|Any CPU.Build.0 = Debug|Any CPU
		{4A71DEFE-8DCB-492A-B2FE-ACF6E5AC6D98}.Release|Any CPU.ActiveCfg = Release|Any CPU
		{4A71DEFE-8DCB-492A-B2FE-ACF6E5AC6D98}.Release|Any CPU.Build.0 = Release|Any CPU
		{FA6638EE-79A1-4631-8FDE-35C8B83F8AA8}.Debug|Any CPU.ActiveCfg = Debug|Any CPU
		{FA6638EE-79A1-4631-8FDE-35C8B83F8AA8}.Debug|Any CPU.Build.0 = Debug|Any CPU
		{FA6638EE-79A1-4631-8FDE-35C8B83F8AA8}.Release|Any CPU.ActiveCfg = Release|Any CPU
		{FA6638EE-79A1-4631-8FDE-35C8B83F8AA8}.Release|Any CPU.Build.0 = Release|Any CPU
	EndGlobalSection
	GlobalSection(SolutionProperties) = preSolution
		HideSolutionNode = FALSE
	EndGlobalSection
	GlobalSection(ExtensibilityGlobals) = postSolution
		SolutionGuid = {D0E48E45-AB2C-4625-AA27-A11B03E4104B}
	EndGlobalSection
EndGlobal
