
Microsoft Visual Studio Solution File, Format Version 12.00
# Visual Studio Version 17
VisualStudioVersion = 17.7.34031.279
MinimumVisualStudioVersion = 10.0.40219.1
Project("{FAE04EC0-301F-11D3-BF4B-00C04F79EFBC}") = "01.CustomList", "01.CustomList\01.CustomList.csproj", "{A30573AF-C6BD-4C08-915D-434746357890}"
EndProject
Project("{FAE04EC0-301F-11D3-BF4B-00C04F79EFBC}") = "CustomListAlone", "CustomListAlone\CustomListAlone.csproj", "{0586653F-34AC-46DA-BD40-87BD19536AD2}"
EndProject
Project("{FAE04EC0-301F-11D3-BF4B-00C04F79EFBC}") = "ImplementingQueueAloneWithArray", "ImplementingQueueAloneWithArray\ImplementingQueueAloneWithArray.csproj", "{48A722F7-A93E-44E2-B6A4-4E9D6A7F352D}"
EndProject
Project("{FAE04EC0-301F-11D3-BF4B-00C04F79EFBC}") = "ImplementingStackAloneWithArray", "ImplementingStackAloneWithArray\ImplementingStackAloneWithArray.csproj", "{57B793B0-5302-49F7-B0E8-03517C40C9E6}"
EndProject
Global
	GlobalSection(SolutionConfigurationPlatforms) = preSolution
		Debug|Any CPU = Debug|Any CPU
		Release|Any CPU = Release|Any CPU
	EndGlobalSection
	GlobalSection(ProjectConfigurationPlatforms) = postSolution
		{A30573AF-C6BD-4C08-915D-434746357890}.Debug|Any CPU.ActiveCfg = Debug|Any CPU
		{A30573AF-C6BD-4C08-915D-434746357890}.Debug|Any CPU.Build.0 = Debug|Any CPU
		{A30573AF-C6BD-4C08-915D-434746357890}.Release|Any CPU.ActiveCfg = Release|Any CPU
		{A30573AF-C6BD-4C08-915D-434746357890}.Release|Any CPU.Build.0 = Release|Any CPU
		{0586653F-34AC-46DA-BD40-87BD19536AD2}.Debug|Any CPU.ActiveCfg = Debug|Any CPU
		{0586653F-34AC-46DA-BD40-87BD19536AD2}.Debug|Any CPU.Build.0 = Debug|Any CPU
		{0586653F-34AC-46DA-BD40-87BD19536AD2}.Release|Any CPU.ActiveCfg = Release|Any CPU
		{0586653F-34AC-46DA-BD40-87BD19536AD2}.Release|Any CPU.Build.0 = Release|Any CPU
		{48A722F7-A93E-44E2-B6A4-4E9D6A7F352D}.Debug|Any CPU.ActiveCfg = Debug|Any CPU
		{48A722F7-A93E-44E2-B6A4-4E9D6A7F352D}.Debug|Any CPU.Build.0 = Debug|Any CPU
		{48A722F7-A93E-44E2-B6A4-4E9D6A7F352D}.Release|Any CPU.ActiveCfg = Release|Any CPU
		{48A722F7-A93E-44E2-B6A4-4E9D6A7F352D}.Release|Any CPU.Build.0 = Release|Any CPU
		{57B793B0-5302-49F7-B0E8-03517C40C9E6}.Debug|Any CPU.ActiveCfg = Debug|Any CPU
		{57B793B0-5302-49F7-B0E8-03517C40C9E6}.Debug|Any CPU.Build.0 = Debug|Any CPU
		{57B793B0-5302-49F7-B0E8-03517C40C9E6}.Release|Any CPU.ActiveCfg = Release|Any CPU
		{57B793B0-5302-49F7-B0E8-03517C40C9E6}.Release|Any CPU.Build.0 = Release|Any CPU
	EndGlobalSection
	GlobalSection(SolutionProperties) = preSolution
		HideSolutionNode = FALSE
	EndGlobalSection
	GlobalSection(ExtensibilityGlobals) = postSolution
		SolutionGuid = {25CA3EB3-59EE-4C17-95E9-678026F4E992}
	EndGlobalSection
EndGlobal
