
Microsoft Visual Studio Solution File, Format Version 12.00
# Visual Studio Version 17
VisualStudioVersion = 17.7.34031.279
MinimumVisualStudioVersion = 10.0.40219.1
Project("{9A19103F-16F7-4668-BE54-9A1E7A4F7556}") = "04", "01\04.csproj", "{4437B95E-C52E-4838-9CA8-5C9D89233CA4}"
EndProject
Project("{9A19103F-16F7-4668-BE54-9A1E7A4F7556}") = "example", "05\example.csproj", "{A8BAD2F8-57A7-4554-A86D-6201674D5AA9}"
EndProject
Project("{9A19103F-16F7-4668-BE54-9A1E7A4F7556}") = "07", "044\07.csproj", "{FE16CFFF-87C4-4FCE-B599-1EEDD16B9109}"
EndProject
Project("{9A19103F-16F7-4668-BE54-9A1E7A4F7556}") = "08", "08\08.csproj", "{5BC25475-1B5C-4E7A-9789-A693AE658F4B}"
EndProject
Project("{FAE04EC0-301F-11D3-BF4B-00C04F79EFBC}") = "01", "12\01.csproj", "{FB4EB24B-9CF1-457D-9C9A-909ACA9DD6CF}"
EndProject
Project("{FAE04EC0-301F-11D3-BF4B-00C04F79EFBC}") = "02", "02\02.csproj", "{76199CB3-3C0E-488F-AFCE-ECE8F4456E95}"
EndProject
Project("{FAE04EC0-301F-11D3-BF4B-00C04F79EFBC}") = "02.SecondSolution", "02.SecondSolution\02.SecondSolution.csproj", "{327D6D56-A057-4F8E-A9A5-495F3149B1E0}"
EndProject
Project("{FAE04EC0-301F-11D3-BF4B-00C04F79EFBC}") = "04.Alone", "04.Alone\04.Alone.csproj", "{D58A684C-BE59-4C81-9683-CEE2B09A59D0}"
EndProject
Project("{FAE04EC0-301F-11D3-BF4B-00C04F79EFBC}") = "03", "03\03.csproj", "{AE9E246F-866E-4BB4-AB43-83D2972AEA06}"
EndProject
Project("{FAE04EC0-301F-11D3-BF4B-00C04F79EFBC}") = "05", "22\05.csproj", "{ECD4BF80-F552-4F23-B7E5-5DEFBCE152B6}"
EndProject
Project("{FAE04EC0-301F-11D3-BF4B-00C04F79EFBC}") = "06", "06\06.csproj", "{F18621E9-70C0-4F57-AA10-3ACEF98A3D32}"
EndProject
Global
	GlobalSection(SolutionConfigurationPlatforms) = preSolution
		Debug|Any CPU = Debug|Any CPU
		Release|Any CPU = Release|Any CPU
	EndGlobalSection
	GlobalSection(ProjectConfigurationPlatforms) = postSolution
		{4437B95E-C52E-4838-9CA8-5C9D89233CA4}.Debug|Any CPU.ActiveCfg = Debug|Any CPU
		{4437B95E-C52E-4838-9CA8-5C9D89233CA4}.Debug|Any CPU.Build.0 = Debug|Any CPU
		{4437B95E-C52E-4838-9CA8-5C9D89233CA4}.Release|Any CPU.ActiveCfg = Release|Any CPU
		{4437B95E-C52E-4838-9CA8-5C9D89233CA4}.Release|Any CPU.Build.0 = Release|Any CPU
		{A8BAD2F8-57A7-4554-A86D-6201674D5AA9}.Debug|Any CPU.ActiveCfg = Debug|Any CPU
		{A8BAD2F8-57A7-4554-A86D-6201674D5AA9}.Debug|Any CPU.Build.0 = Debug|Any CPU
		{A8BAD2F8-57A7-4554-A86D-6201674D5AA9}.Release|Any CPU.ActiveCfg = Release|Any CPU
		{A8BAD2F8-57A7-4554-A86D-6201674D5AA9}.Release|Any CPU.Build.0 = Release|Any CPU
		{FE16CFFF-87C4-4FCE-B599-1EEDD16B9109}.Debug|Any CPU.ActiveCfg = Debug|Any CPU
		{FE16CFFF-87C4-4FCE-B599-1EEDD16B9109}.Debug|Any CPU.Build.0 = Debug|Any CPU
		{FE16CFFF-87C4-4FCE-B599-1EEDD16B9109}.Release|Any CPU.ActiveCfg = Release|Any CPU
		{FE16CFFF-87C4-4FCE-B599-1EEDD16B9109}.Release|Any CPU.Build.0 = Release|Any CPU
		{5BC25475-1B5C-4E7A-9789-A693AE658F4B}.Debug|Any CPU.ActiveCfg = Debug|Any CPU
		{5BC25475-1B5C-4E7A-9789-A693AE658F4B}.Debug|Any CPU.Build.0 = Debug|Any CPU
		{5BC25475-1B5C-4E7A-9789-A693AE658F4B}.Release|Any CPU.ActiveCfg = Release|Any CPU
		{5BC25475-1B5C-4E7A-9789-A693AE658F4B}.Release|Any CPU.Build.0 = Release|Any CPU
		{FB4EB24B-9CF1-457D-9C9A-909ACA9DD6CF}.Debug|Any CPU.ActiveCfg = Debug|Any CPU
		{FB4EB24B-9CF1-457D-9C9A-909ACA9DD6CF}.Debug|Any CPU.Build.0 = Debug|Any CPU
		{FB4EB24B-9CF1-457D-9C9A-909ACA9DD6CF}.Release|Any CPU.ActiveCfg = Release|Any CPU
		{FB4EB24B-9CF1-457D-9C9A-909ACA9DD6CF}.Release|Any CPU.Build.0 = Release|Any CPU
		{76199CB3-3C0E-488F-AFCE-ECE8F4456E95}.Debug|Any CPU.ActiveCfg = Debug|Any CPU
		{76199CB3-3C0E-488F-AFCE-ECE8F4456E95}.Debug|Any CPU.Build.0 = Debug|Any CPU
		{76199CB3-3C0E-488F-AFCE-ECE8F4456E95}.Release|Any CPU.ActiveCfg = Release|Any CPU
		{76199CB3-3C0E-488F-AFCE-ECE8F4456E95}.Release|Any CPU.Build.0 = Release|Any CPU
		{327D6D56-A057-4F8E-A9A5-495F3149B1E0}.Debug|Any CPU.ActiveCfg = Debug|Any CPU
		{327D6D56-A057-4F8E-A9A5-495F3149B1E0}.Debug|Any CPU.Build.0 = Debug|Any CPU
		{327D6D56-A057-4F8E-A9A5-495F3149B1E0}.Release|Any CPU.ActiveCfg = Release|Any CPU
		{327D6D56-A057-4F8E-A9A5-495F3149B1E0}.Release|Any CPU.Build.0 = Release|Any CPU
		{D58A684C-BE59-4C81-9683-CEE2B09A59D0}.Debug|Any CPU.ActiveCfg = Debug|Any CPU
		{D58A684C-BE59-4C81-9683-CEE2B09A59D0}.Debug|Any CPU.Build.0 = Debug|Any CPU
		{D58A684C-BE59-4C81-9683-CEE2B09A59D0}.Release|Any CPU.ActiveCfg = Release|Any CPU
		{D58A684C-BE59-4C81-9683-CEE2B09A59D0}.Release|Any CPU.Build.0 = Release|Any CPU
		{AE9E246F-866E-4BB4-AB43-83D2972AEA06}.Debug|Any CPU.ActiveCfg = Debug|Any CPU
		{AE9E246F-866E-4BB4-AB43-83D2972AEA06}.Debug|Any CPU.Build.0 = Debug|Any CPU
		{AE9E246F-866E-4BB4-AB43-83D2972AEA06}.Release|Any CPU.ActiveCfg = Release|Any CPU
		{AE9E246F-866E-4BB4-AB43-83D2972AEA06}.Release|Any CPU.Build.0 = Release|Any CPU
		{ECD4BF80-F552-4F23-B7E5-5DEFBCE152B6}.Debug|Any CPU.ActiveCfg = Debug|Any CPU
		{ECD4BF80-F552-4F23-B7E5-5DEFBCE152B6}.Debug|Any CPU.Build.0 = Debug|Any CPU
		{ECD4BF80-F552-4F23-B7E5-5DEFBCE152B6}.Release|Any CPU.ActiveCfg = Release|Any CPU
		{ECD4BF80-F552-4F23-B7E5-5DEFBCE152B6}.Release|Any CPU.Build.0 = Release|Any CPU
		{F18621E9-70C0-4F57-AA10-3ACEF98A3D32}.Debug|Any CPU.ActiveCfg = Debug|Any CPU
		{F18621E9-70C0-4F57-AA10-3ACEF98A3D32}.Debug|Any CPU.Build.0 = Debug|Any CPU
		{F18621E9-70C0-4F57-AA10-3ACEF98A3D32}.Release|Any CPU.ActiveCfg = Release|Any CPU
		{F18621E9-70C0-4F57-AA10-3ACEF98A3D32}.Release|Any CPU.Build.0 = Release|Any CPU
	EndGlobalSection
	GlobalSection(SolutionProperties) = preSolution
		HideSolutionNode = FALSE
	EndGlobalSection
	GlobalSection(ExtensibilityGlobals) = postSolution
		SolutionGuid = {7E171937-FB05-4F06-9124-50CAEA34AE92}
	EndGlobalSection
EndGlobal
