
Microsoft Visual Studio Solution File, Format Version 12.00
# Visual Studio Version 17
VisualStudioVersion = 17.7.34031.279
MinimumVisualStudioVersion = 10.0.40219.1
Project("{9A19103F-16F7-4668-BE54-9A1E7A4F7556}") = "03", "01\03.csproj", "{862C2426-1526-45A9-80A9-D561E28E4FB9}"
EndProject
Project("{9A19103F-16F7-4668-BE54-9A1E7A4F7556}") = "02", "02\02.csproj", "{56A4AB06-F4DF-4C7C-954B-77EAF7694678}"
EndProject
Project("{FAE04EC0-301F-11D3-BF4B-00C04F79EFBC}") = "01new", "01new\01new.csproj", "{747E4679-4F94-40B4-B9F6-193B522DF609}"
EndProject
Project("{FAE04EC0-301F-11D3-BF4B-00C04F79EFBC}") = "new2", "new2\new2.csproj", "{C6CD048F-A458-45DA-9814-430894E1C853}"
EndProject
Project("{FAE04EC0-301F-11D3-BF4B-00C04F79EFBC}") = "new03", "new03\new03.csproj", "{8AB8BBF0-0FDB-4141-894A-A26EA656E895}"
EndProject
Project("{FAE04EC0-301F-11D3-BF4B-00C04F79EFBC}") = "new4", "new4\new4.csproj", "{80DF96AE-3008-4A0F-833A-9466ECFC3A43}"
EndProject
Global
	GlobalSection(SolutionConfigurationPlatforms) = preSolution
		Debug|Any CPU = Debug|Any CPU
		Release|Any CPU = Release|Any CPU
	EndGlobalSection
	GlobalSection(ProjectConfigurationPlatforms) = postSolution
		{862C2426-1526-45A9-80A9-D561E28E4FB9}.Debug|Any CPU.ActiveCfg = Debug|Any CPU
		{862C2426-1526-45A9-80A9-D561E28E4FB9}.Debug|Any CPU.Build.0 = Debug|Any CPU
		{862C2426-1526-45A9-80A9-D561E28E4FB9}.Release|Any CPU.ActiveCfg = Release|Any CPU
		{862C2426-1526-45A9-80A9-D561E28E4FB9}.Release|Any CPU.Build.0 = Release|Any CPU
		{56A4AB06-F4DF-4C7C-954B-77EAF7694678}.Debug|Any CPU.ActiveCfg = Debug|Any CPU
		{56A4AB06-F4DF-4C7C-954B-77EAF7694678}.Debug|Any CPU.Build.0 = Debug|Any CPU
		{56A4AB06-F4DF-4C7C-954B-77EAF7694678}.Release|Any CPU.ActiveCfg = Release|Any CPU
		{56A4AB06-F4DF-4C7C-954B-77EAF7694678}.Release|Any CPU.Build.0 = Release|Any CPU
		{747E4679-4F94-40B4-B9F6-193B522DF609}.Debug|Any CPU.ActiveCfg = Debug|Any CPU
		{747E4679-4F94-40B4-B9F6-193B522DF609}.Debug|Any CPU.Build.0 = Debug|Any CPU
		{747E4679-4F94-40B4-B9F6-193B522DF609}.Release|Any CPU.ActiveCfg = Release|Any CPU
		{747E4679-4F94-40B4-B9F6-193B522DF609}.Release|Any CPU.Build.0 = Release|Any CPU
		{C6CD048F-A458-45DA-9814-430894E1C853}.Debug|Any CPU.ActiveCfg = Debug|Any CPU
		{C6CD048F-A458-45DA-9814-430894E1C853}.Debug|Any CPU.Build.0 = Debug|Any CPU
		{C6CD048F-A458-45DA-9814-430894E1C853}.Release|Any CPU.ActiveCfg = Release|Any CPU
		{C6CD048F-A458-45DA-9814-430894E1C853}.Release|Any CPU.Build.0 = Release|Any CPU
		{8AB8BBF0-0FDB-4141-894A-A26EA656E895}.Debug|Any CPU.ActiveCfg = Debug|Any CPU
		{8AB8BBF0-0FDB-4141-894A-A26EA656E895}.Debug|Any CPU.Build.0 = Debug|Any CPU
		{8AB8BBF0-0FDB-4141-894A-A26EA656E895}.Release|Any CPU.ActiveCfg = Release|Any CPU
		{8AB8BBF0-0FDB-4141-894A-A26EA656E895}.Release|Any CPU.Build.0 = Release|Any CPU
		{80DF96AE-3008-4A0F-833A-9466ECFC3A43}.Debug|Any CPU.ActiveCfg = Debug|Any CPU
		{80DF96AE-3008-4A0F-833A-9466ECFC3A43}.Debug|Any CPU.Build.0 = Debug|Any CPU
		{80DF96AE-3008-4A0F-833A-9466ECFC3A43}.Release|Any CPU.ActiveCfg = Release|Any CPU
		{80DF96AE-3008-4A0F-833A-9466ECFC3A43}.Release|Any CPU.Build.0 = Release|Any CPU
	EndGlobalSection
	GlobalSection(SolutionProperties) = preSolution
		HideSolutionNode = FALSE
	EndGlobalSection
	GlobalSection(ExtensibilityGlobals) = postSolution
		SolutionGuid = {E9E31BB5-F26C-4121-AF9A-9B9AA2F1100B}
	EndGlobalSection
EndGlobal
