
Microsoft Visual Studio Solution File, Format Version 12.00
# Visual Studio Version 17
VisualStudioVersion = 17.7.34031.279
MinimumVisualStudioVersion = 10.0.40219.1
Project("{9A19103F-16F7-4668-BE54-9A1E7A4F7556}") = "1", "1\1.csproj", "{555CD63C-E300-4899-A954-34623857384F}"
EndProject
Project("{9A19103F-16F7-4668-BE54-9A1E7A4F7556}") = "02", "02\02.csproj", "{08CF4ACE-35D9-4338-93E3-608A4F40ADC6}"
EndProject
Project("{9A19103F-16F7-4668-BE54-9A1E7A4F7556}") = "02.1", "02.1\02.1.csproj", "{E8D50209-CB31-489F-AF35-FAD01019D6AE}"
EndProject
Project("{9A19103F-16F7-4668-BE54-9A1E7A4F7556}") = "03", "03\03.csproj", "{A4340153-968D-4065-9C82-689A1EBF5619}"
EndProject
Project("{FAE04EC0-301F-11D3-BF4B-00C04F79EFBC}") = "ConsoleApp1", "ConsoleApp1\ConsoleApp1.csproj", "{308CF74F-2306-43AA-945E-3CD190AD4494}"
EndProject
Project("{FAE04EC0-301F-11D3-BF4B-00C04F79EFBC}") = "ConsoleApp2", "ConsoleApp2\ConsoleApp2.csproj", "{B8F3BF42-4DAB-45F0-A2D9-414046F19178}"
EndProject
Global
	GlobalSection(SolutionConfigurationPlatforms) = preSolution
		Debug|Any CPU = Debug|Any CPU
		Release|Any CPU = Release|Any CPU
	EndGlobalSection
	GlobalSection(ProjectConfigurationPlatforms) = postSolution
		{555CD63C-E300-4899-A954-34623857384F}.Debug|Any CPU.ActiveCfg = Debug|Any CPU
		{555CD63C-E300-4899-A954-34623857384F}.Debug|Any CPU.Build.0 = Debug|Any CPU
		{555CD63C-E300-4899-A954-34623857384F}.Release|Any CPU.ActiveCfg = Release|Any CPU
		{555CD63C-E300-4899-A954-34623857384F}.Release|Any CPU.Build.0 = Release|Any CPU
		{08CF4ACE-35D9-4338-93E3-608A4F40ADC6}.Debug|Any CPU.ActiveCfg = Debug|Any CPU
		{08CF4ACE-35D9-4338-93E3-608A4F40ADC6}.Debug|Any CPU.Build.0 = Debug|Any CPU
		{08CF4ACE-35D9-4338-93E3-608A4F40ADC6}.Release|Any CPU.ActiveCfg = Release|Any CPU
		{08CF4ACE-35D9-4338-93E3-608A4F40ADC6}.Release|Any CPU.Build.0 = Release|Any CPU
		{E8D50209-CB31-489F-AF35-FAD01019D6AE}.Debug|Any CPU.ActiveCfg = Debug|Any CPU
		{E8D50209-CB31-489F-AF35-FAD01019D6AE}.Debug|Any CPU.Build.0 = Debug|Any CPU
		{E8D50209-CB31-489F-AF35-FAD01019D6AE}.Release|Any CPU.ActiveCfg = Release|Any CPU
		{E8D50209-CB31-489F-AF35-FAD01019D6AE}.Release|Any CPU.Build.0 = Release|Any CPU
		{A4340153-968D-4065-9C82-689A1EBF5619}.Debug|Any CPU.ActiveCfg = Debug|Any CPU
		{A4340153-968D-4065-9C82-689A1EBF5619}.Debug|Any CPU.Build.0 = Debug|Any CPU
		{A4340153-968D-4065-9C82-689A1EBF5619}.Release|Any CPU.ActiveCfg = Release|Any CPU
		{A4340153-968D-4065-9C82-689A1EBF5619}.Release|Any CPU.Build.0 = Release|Any CPU
		{308CF74F-2306-43AA-945E-3CD190AD4494}.Debug|Any CPU.ActiveCfg = Debug|Any CPU
		{308CF74F-2306-43AA-945E-3CD190AD4494}.Debug|Any CPU.Build.0 = Debug|Any CPU
		{308CF74F-2306-43AA-945E-3CD190AD4494}.Release|Any CPU.ActiveCfg = Release|Any CPU
		{308CF74F-2306-43AA-945E-3CD190AD4494}.Release|Any CPU.Build.0 = Release|Any CPU
		{B8F3BF42-4DAB-45F0-A2D9-414046F19178}.Debug|Any CPU.ActiveCfg = Debug|Any CPU
		{B8F3BF42-4DAB-45F0-A2D9-414046F19178}.Debug|Any CPU.Build.0 = Debug|Any CPU
		{B8F3BF42-4DAB-45F0-A2D9-414046F19178}.Release|Any CPU.ActiveCfg = Release|Any CPU
		{B8F3BF42-4DAB-45F0-A2D9-414046F19178}.Release|Any CPU.Build.0 = Release|Any CPU
	EndGlobalSection
	GlobalSection(SolutionProperties) = preSolution
		HideSolutionNode = FALSE
	EndGlobalSection
	GlobalSection(ExtensibilityGlobals) = postSolution
		SolutionGuid = {2600A2DA-E047-4A6F-AAB6-CA58D2D24FD1}
	EndGlobalSection
EndGlobal
