
Microsoft Visual Studio Solution File, Format Version 12.00
# Visual Studio Version 17
VisualStudioVersion = 17.7.34031.279
MinimumVisualStudioVersion = 10.0.40219.1
Project("{9A19103F-16F7-4668-BE54-9A1E7A4F7556}") = "ConsoleApp1", "ConsoleApp1\ConsoleApp1.csproj", "{692A995F-A340-4BFD-9C1A-8C1F2B2969A5}"
EndProject
Project("{FAE04EC0-301F-11D3-BF4B-00C04F79EFBC}") = "ConsoleApp2", "ConsoleApp2\ConsoleApp2.csproj", "{93ED6B6B-FDF6-4D5D-AA6C-D8F0AF4EAEBE}"
EndProject
Project("{FAE04EC0-301F-11D3-BF4B-00C04F79EFBC}") = "HigherOrderFunc", "HigherOrderFunc\HigherOrderFunc.csproj", "{1392E813-9BF9-47EE-B0A6-90AD2FC107F0}"
EndProject
Project("{FAE04EC0-301F-11D3-BF4B-00C04F79EFBC}") = "Test", "Test\Test.csproj", "{DAB14083-23B0-4C54-847C-5C5F7FF9DB22}"
EndProject
Project("{FAE04EC0-301F-11D3-BF4B-00C04F79EFBC}") = "UpperCaseLetters", "UpperCaseLetters\UpperCaseLetters.csproj", "{5D2B4C70-4090-413D-99D7-1ADE53B1659C}"
EndProject
Project("{FAE04EC0-301F-11D3-BF4B-00C04F79EFBC}") = "ConsoleApp5", "ConsoleApp5\ConsoleApp5.csproj", "{CB3C8469-D9BC-4003-A05F-D51AD41BD5CC}"
EndProject
Project("{FAE04EC0-301F-11D3-BF4B-00C04F79EFBC}") = "ConsoleApp5Alone", "ConsoleApp5Alone\ConsoleApp5Alone.csproj", "{5EA96A10-FA8B-494C-81A9-840B0E230382}"
EndProject
Project("{FAE04EC0-301F-11D3-BF4B-00C04F79EFBC}") = "ConsoleApp4", "ConsoleApp4\ConsoleApp4.csproj", "{9011ADA6-3361-48E6-B742-A4DF2B16C101}"
EndProject
Project("{FAE04EC0-301F-11D3-BF4B-00C04F79EFBC}") = "ConsoleApp4AnotherWay", "ConsoleApp4AnotherWay\ConsoleApp4AnotherWay.csproj", "{849E1B04-1505-4904-A541-054572C21415}"
EndProject
Project("{FAE04EC0-301F-11D3-BF4B-00C04F79EFBC}") = "exersice", "exersice\exersice.csproj", "{3534B17A-E125-48B1-8585-AD67A78C985B}"
EndProject
Project("{FAE04EC0-301F-11D3-BF4B-00C04F79EFBC}") = "CalculatorOnMyOwn", "CalculatorOnMyOwn\CalculatorOnMyOwn.csproj", "{86E42ACB-D5A8-4B34-8BE0-B0529525E710}"
EndProject
Global
	GlobalSection(SolutionConfigurationPlatforms) = preSolution
		Debug|Any CPU = Debug|Any CPU
		Release|Any CPU = Release|Any CPU
	EndGlobalSection
	GlobalSection(ProjectConfigurationPlatforms) = postSolution
		{692A995F-A340-4BFD-9C1A-8C1F2B2969A5}.Debug|Any CPU.ActiveCfg = Debug|Any CPU
		{692A995F-A340-4BFD-9C1A-8C1F2B2969A5}.Debug|Any CPU.Build.0 = Debug|Any CPU
		{692A995F-A340-4BFD-9C1A-8C1F2B2969A5}.Release|Any CPU.ActiveCfg = Release|Any CPU
		{692A995F-A340-4BFD-9C1A-8C1F2B2969A5}.Release|Any CPU.Build.0 = Release|Any CPU
		{93ED6B6B-FDF6-4D5D-AA6C-D8F0AF4EAEBE}.Debug|Any CPU.ActiveCfg = Debug|Any CPU
		{93ED6B6B-FDF6-4D5D-AA6C-D8F0AF4EAEBE}.Debug|Any CPU.Build.0 = Debug|Any CPU
		{93ED6B6B-FDF6-4D5D-AA6C-D8F0AF4EAEBE}.Release|Any CPU.ActiveCfg = Release|Any CPU
		{93ED6B6B-FDF6-4D5D-AA6C-D8F0AF4EAEBE}.Release|Any CPU.Build.0 = Release|Any CPU
		{1392E813-9BF9-47EE-B0A6-90AD2FC107F0}.Debug|Any CPU.ActiveCfg = Debug|Any CPU
		{1392E813-9BF9-47EE-B0A6-90AD2FC107F0}.Debug|Any CPU.Build.0 = Debug|Any CPU
		{1392E813-9BF9-47EE-B0A6-90AD2FC107F0}.Release|Any CPU.ActiveCfg = Release|Any CPU
		{1392E813-9BF9-47EE-B0A6-90AD2FC107F0}.Release|Any CPU.Build.0 = Release|Any CPU
		{DAB14083-23B0-4C54-847C-5C5F7FF9DB22}.Debug|Any CPU.ActiveCfg = Debug|Any CPU
		{DAB14083-23B0-4C54-847C-5C5F7FF9DB22}.Debug|Any CPU.Build.0 = Debug|Any CPU
		{DAB14083-23B0-4C54-847C-5C5F7FF9DB22}.Release|Any CPU.ActiveCfg = Release|Any CPU
		{DAB14083-23B0-4C54-847C-5C5F7FF9DB22}.Release|Any CPU.Build.0 = Release|Any CPU
		{5D2B4C70-4090-413D-99D7-1ADE53B1659C}.Debug|Any CPU.ActiveCfg = Debug|Any CPU
		{5D2B4C70-4090-413D-99D7-1ADE53B1659C}.Debug|Any CPU.Build.0 = Debug|Any CPU
		{5D2B4C70-4090-413D-99D7-1ADE53B1659C}.Release|Any CPU.ActiveCfg = Release|Any CPU
		{5D2B4C70-4090-413D-99D7-1ADE53B1659C}.Release|Any CPU.Build.0 = Release|Any CPU
		{CB3C8469-D9BC-4003-A05F-D51AD41BD5CC}.Debug|Any CPU.ActiveCfg = Debug|Any CPU
		{CB3C8469-D9BC-4003-A05F-D51AD41BD5CC}.Debug|Any CPU.Build.0 = Debug|Any CPU
		{CB3C8469-D9BC-4003-A05F-D51AD41BD5CC}.Release|Any CPU.ActiveCfg = Release|Any CPU
		{CB3C8469-D9BC-4003-A05F-D51AD41BD5CC}.Release|Any CPU.Build.0 = Release|Any CPU
		{5EA96A10-FA8B-494C-81A9-840B0E230382}.Debug|Any CPU.ActiveCfg = Debug|Any CPU
		{5EA96A10-FA8B-494C-81A9-840B0E230382}.Debug|Any CPU.Build.0 = Debug|Any CPU
		{5EA96A10-FA8B-494C-81A9-840B0E230382}.Release|Any CPU.ActiveCfg = Release|Any CPU
		{5EA96A10-FA8B-494C-81A9-840B0E230382}.Release|Any CPU.Build.0 = Release|Any CPU
		{9011ADA6-3361-48E6-B742-A4DF2B16C101}.Debug|Any CPU.ActiveCfg = Debug|Any CPU
		{9011ADA6-3361-48E6-B742-A4DF2B16C101}.Debug|Any CPU.Build.0 = Debug|Any CPU
		{9011ADA6-3361-48E6-B742-A4DF2B16C101}.Release|Any CPU.ActiveCfg = Release|Any CPU
		{9011ADA6-3361-48E6-B742-A4DF2B16C101}.Release|Any CPU.Build.0 = Release|Any CPU
		{849E1B04-1505-4904-A541-054572C21415}.Debug|Any CPU.ActiveCfg = Debug|Any CPU
		{849E1B04-1505-4904-A541-054572C21415}.Debug|Any CPU.Build.0 = Debug|Any CPU
		{849E1B04-1505-4904-A541-054572C21415}.Release|Any CPU.ActiveCfg = Release|Any CPU
		{849E1B04-1505-4904-A541-054572C21415}.Release|Any CPU.Build.0 = Release|Any CPU
		{3534B17A-E125-48B1-8585-AD67A78C985B}.Debug|Any CPU.ActiveCfg = Debug|Any CPU
		{3534B17A-E125-48B1-8585-AD67A78C985B}.Debug|Any CPU.Build.0 = Debug|Any CPU
		{3534B17A-E125-48B1-8585-AD67A78C985B}.Release|Any CPU.ActiveCfg = Release|Any CPU
		{3534B17A-E125-48B1-8585-AD67A78C985B}.Release|Any CPU.Build.0 = Release|Any CPU
		{86E42ACB-D5A8-4B34-8BE0-B0529525E710}.Debug|Any CPU.ActiveCfg = Debug|Any CPU
		{86E42ACB-D5A8-4B34-8BE0-B0529525E710}.Debug|Any CPU.Build.0 = Debug|Any CPU
		{86E42ACB-D5A8-4B34-8BE0-B0529525E710}.Release|Any CPU.ActiveCfg = Release|Any CPU
		{86E42ACB-D5A8-4B34-8BE0-B0529525E710}.Release|Any CPU.Build.0 = Release|Any CPU
	EndGlobalSection
	GlobalSection(SolutionProperties) = preSolution
		HideSolutionNode = FALSE
	EndGlobalSection
	GlobalSection(ExtensibilityGlobals) = postSolution
		SolutionGuid = {D7A9F143-C653-4D96-82A6-F11B2002D97B}
	EndGlobalSection
EndGlobal
