
Microsoft Visual Studio Solution File, Format Version 12.00
# Visual Studio Version 17
VisualStudioVersion = 17.7.34031.279
MinimumVisualStudioVersion = 10.0.40219.1
Project("{9A19103F-16F7-4668-BE54-9A1E7A4F7556}") = "ConsoleApp1", "ConsoleApp1\ConsoleApp1.csproj", "{78330F71-AF90-4CEA-8028-44F21211D960}"
EndProject
Project("{9A19103F-16F7-4668-BE54-9A1E7A4F7556}") = "ConsoleApp2", "ConsoleApp2\ConsoleApp2.csproj", "{345EEC4C-D257-4558-9863-673244FB269C}"
EndProject
Project("{9A19103F-16F7-4668-BE54-9A1E7A4F7556}") = "PersonsInfo", "PersonsInfo\PersonsInfo.csproj", "{A941223C-CADC-4B1E-930B-FDD6AD725061}"
EndProject
Project("{9A19103F-16F7-4668-BE54-9A1E7A4F7556}") = "Snake game", "Snake game\Snake game.csproj", "{57E00B15-5623-476A-A2FF-CCBA41C7325B}"
EndProject
Project("{FAE04EC0-301F-11D3-BF4B-00C04F79EFBC}") = "StopWatch", "StopWatch\StopWatch.csproj", "{C65C2748-247F-47EC-956E-3AD334E4B1D5}"
EndProject
Global
	GlobalSection(SolutionConfigurationPlatforms) = preSolution
		Debug|Any CPU = Debug|Any CPU
		Release|Any CPU = Release|Any CPU
	EndGlobalSection
	GlobalSection(ProjectConfigurationPlatforms) = postSolution
		{78330F71-AF90-4CEA-8028-44F21211D960}.Debug|Any CPU.ActiveCfg = Debug|Any CPU
		{78330F71-AF90-4CEA-8028-44F21211D960}.Debug|Any CPU.Build.0 = Debug|Any CPU
		{78330F71-AF90-4CEA-8028-44F21211D960}.Release|Any CPU.ActiveCfg = Release|Any CPU
		{78330F71-AF90-4CEA-8028-44F21211D960}.Release|Any CPU.Build.0 = Release|Any CPU
		{345EEC4C-D257-4558-9863-673244FB269C}.Debug|Any CPU.ActiveCfg = Debug|Any CPU
		{345EEC4C-D257-4558-9863-673244FB269C}.Debug|Any CPU.Build.0 = Debug|Any CPU
		{345EEC4C-D257-4558-9863-673244FB269C}.Release|Any CPU.ActiveCfg = Release|Any CPU
		{345EEC4C-D257-4558-9863-673244FB269C}.Release|Any CPU.Build.0 = Release|Any CPU
		{A941223C-CADC-4B1E-930B-FDD6AD725061}.Debug|Any CPU.ActiveCfg = Debug|Any CPU
		{A941223C-CADC-4B1E-930B-FDD6AD725061}.Debug|Any CPU.Build.0 = Debug|Any CPU
		{A941223C-CADC-4B1E-930B-FDD6AD725061}.Release|Any CPU.ActiveCfg = Release|Any CPU
		{A941223C-CADC-4B1E-930B-FDD6AD725061}.Release|Any CPU.Build.0 = Release|Any CPU
		{57E00B15-5623-476A-A2FF-CCBA41C7325B}.Debug|Any CPU.ActiveCfg = Debug|Any CPU
		{57E00B15-5623-476A-A2FF-CCBA41C7325B}.Debug|Any CPU.Build.0 = Debug|Any CPU
		{57E00B15-5623-476A-A2FF-CCBA41C7325B}.Release|Any CPU.ActiveCfg = Release|Any CPU
		{57E00B15-5623-476A-A2FF-CCBA41C7325B}.Release|Any CPU.Build.0 = Release|Any CPU
		{C65C2748-247F-47EC-956E-3AD334E4B1D5}.Debug|Any CPU.ActiveCfg = Debug|Any CPU
		{C65C2748-247F-47EC-956E-3AD334E4B1D5}.Debug|Any CPU.Build.0 = Debug|Any CPU
		{C65C2748-247F-47EC-956E-3AD334E4B1D5}.Release|Any CPU.ActiveCfg = Release|Any CPU
		{C65C2748-247F-47EC-956E-3AD334E4B1D5}.Release|Any CPU.Build.0 = Release|Any CPU
	EndGlobalSection
	GlobalSection(SolutionProperties) = preSolution
		HideSolutionNode = FALSE
	EndGlobalSection
	GlobalSection(ExtensibilityGlobals) = postSolution
		SolutionGuid = {611D71AE-E891-49ED-99EA-DA3E6B8E75A6}
	EndGlobalSection
EndGlobal
