
Microsoft Visual Studio Solution File, Format Version 12.00
# Visual Studio Version 17
VisualStudioVersion = 17.7.34031.279
MinimumVisualStudioVersion = 10.0.40219.1
Project("{FAE04EC0-301F-11D3-BF4B-00C04F79EFBC}") = "1", "1\1.csproj", "{787B5F47-6385-4BDB-AAB2-A7FCB9C496C1}"
EndProject
Project("{FAE04EC0-301F-11D3-BF4B-00C04F79EFBC}") = "3", "3\3.csproj", "{1C2B489A-EF3B-4C34-B229-34E9FCE5F8A3}"
EndProject
Project("{FAE04EC0-301F-11D3-BF4B-00C04F79EFBC}") = "2", "2\2.csproj", "{194F5E37-D8C5-4C6B-948E-FEE182CD8B96}"
EndProject
Global
	GlobalSection(SolutionConfigurationPlatforms) = preSolution
		Debug|Any CPU = Debug|Any CPU
		Release|Any CPU = Release|Any CPU
	EndGlobalSection
	GlobalSection(ProjectConfigurationPlatforms) = postSolution
		{787B5F47-6385-4BDB-AAB2-A7FCB9C496C1}.Debug|Any CPU.ActiveCfg = Debug|Any CPU
		{787B5F47-6385-4BDB-AAB2-A7FCB9C496C1}.Debug|Any CPU.Build.0 = Debug|Any CPU
		{787B5F47-6385-4BDB-AAB2-A7FCB9C496C1}.Release|Any CPU.ActiveCfg = Release|Any CPU
		{787B5F47-6385-4BDB-AAB2-A7FCB9C496C1}.Release|Any CPU.Build.0 = Release|Any CPU
		{1C2B489A-EF3B-4C34-B229-34E9FCE5F8A3}.Debug|Any CPU.ActiveCfg = Debug|Any CPU
		{1C2B489A-EF3B-4C34-B229-34E9FCE5F8A3}.Debug|Any CPU.Build.0 = Debug|Any CPU
		{1C2B489A-EF3B-4C34-B229-34E9FCE5F8A3}.Release|Any CPU.ActiveCfg = Release|Any CPU
		{1C2B489A-EF3B-4C34-B229-34E9FCE5F8A3}.Release|Any CPU.Build.0 = Release|Any CPU
		{194F5E37-D8C5-4C6B-948E-FEE182CD8B96}.Debug|Any CPU.ActiveCfg = Debug|Any CPU
		{194F5E37-D8C5-4C6B-948E-FEE182CD8B96}.Debug|Any CPU.Build.0 = Debug|Any CPU
		{194F5E37-D8C5-4C6B-948E-FEE182CD8B96}.Release|Any CPU.ActiveCfg = Release|Any CPU
		{194F5E37-D8C5-4C6B-948E-FEE182CD8B96}.Release|Any CPU.Build.0 = Release|Any CPU
	EndGlobalSection
	GlobalSection(SolutionProperties) = preSolution
		HideSolutionNode = FALSE
	EndGlobalSection
	GlobalSection(ExtensibilityGlobals) = postSolution
		SolutionGuid = {21C9C789-61D6-4333-9307-8A2B28401C99}
	EndGlobalSection
EndGlobal
